// !$*UTF8*$!
{
	archiveVersion = 1;
	classes = {
	};
	objectVersion = 51;
	objects = {

/* Begin PBXBuildFile section */
		2C004A4926B2E55800D13ABF /* LoginRequest.swift in Sources */ = {isa = PBXBuildFile; fileRef = 2C004A4826B2E55800D13ABF /* LoginRequest.swift */; };
		2C004A4B26B2E58300D13ABF /* LoginResponse.swift in Sources */ = {isa = PBXBuildFile; fileRef = 2C004A4A26B2E58300D13ABF /* LoginResponse.swift */; };
		2C004A4D26B2E5BB00D13ABF /* LoginDataManager.swift in Sources */ = {isa = PBXBuildFile; fileRef = 2C004A4C26B2E5BB00D13ABF /* LoginDataManager.swift */; };
		2C004A4F26B2E5DE00D13ABF /* ConstantURL.swift in Sources */ = {isa = PBXBuildFile; fileRef = 2C004A4E26B2E5DE00D13ABF /* ConstantURL.swift */; };
		2C004A5226B2E9B000D13ABF /* LoginContract.swift in Sources */ = {isa = PBXBuildFile; fileRef = 2C004A5126B2E9B000D13ABF /* LoginContract.swift */; };
		2C004A5526B2F24500D13ABF /* UIViewController.swift in Sources */ = {isa = PBXBuildFile; fileRef = 2C004A5426B2F24500D13ABF /* UIViewController.swift */; };
		2C004A5726B2F43200D13ABF /* String.swift in Sources */ = {isa = PBXBuildFile; fileRef = 2C004A5626B2F43200D13ABF /* String.swift */; };
		2C004A5926B2FD3000D13ABF /* NicknameCheckRequest.swift in Sources */ = {isa = PBXBuildFile; fileRef = 2C004A5826B2FD3000D13ABF /* NicknameCheckRequest.swift */; };
		2C004A5B26B2FD3700D13ABF /* NicknameCheckResponse.swift in Sources */ = {isa = PBXBuildFile; fileRef = 2C004A5A26B2FD3700D13ABF /* NicknameCheckResponse.swift */; };
		2C004A5D26B2FE4900D13ABF /* NicknameDataManager.swift in Sources */ = {isa = PBXBuildFile; fileRef = 2C004A5C26B2FE4900D13ABF /* NicknameDataManager.swift */; };
		2C004A5F26B2FF5D00D13ABF /* NicknameConstract.swift in Sources */ = {isa = PBXBuildFile; fileRef = 2C004A5E26B2FF5D00D13ABF /* NicknameConstract.swift */; };
		2C004A6126B302C200D13ABF /* NicknameSetRequest.swift in Sources */ = {isa = PBXBuildFile; fileRef = 2C004A6026B302C200D13ABF /* NicknameSetRequest.swift */; };
		2C004A6326B302F600D13ABF /* NicknameSetResponse.swift in Sources */ = {isa = PBXBuildFile; fileRef = 2C004A6226B302F600D13ABF /* NicknameSetResponse.swift */; };
		2C004A6626B30D9D00D13ABF /* GetUserNicknameRequest.swift in Sources */ = {isa = PBXBuildFile; fileRef = 2C004A6526B30D9D00D13ABF /* GetUserNicknameRequest.swift */; };
		2C004A6826B30DA600D13ABF /* GetUserNicknameResponse.swift in Sources */ = {isa = PBXBuildFile; fileRef = 2C004A6726B30DA600D13ABF /* GetUserNicknameResponse.swift */; };
		2C004A6B26B30E9100D13ABF /* MainContract.swift in Sources */ = {isa = PBXBuildFile; fileRef = 2C004A6A26B30E9100D13ABF /* MainContract.swift */; };
		2C004A6D26B30E9D00D13ABF /* MainDataManager.swift in Sources */ = {isa = PBXBuildFile; fileRef = 2C004A6C26B30E9D00D13ABF /* MainDataManager.swift */; };
		2C004A6F26B3137300D13ABF /* MenuResponse.swift in Sources */ = {isa = PBXBuildFile; fileRef = 2C004A6E26B3137300D13ABF /* MenuResponse.swift */; };
		2C004A7126B3209200D13ABF /* RecentPostResponse.swift in Sources */ = {isa = PBXBuildFile; fileRef = 2C004A7026B3209200D13ABF /* RecentPostResponse.swift */; };
		2C004A7B26B32D6400D13ABF /* AllPostResponse.swift in Sources */ = {isa = PBXBuildFile; fileRef = 2C004A7A26B32D6400D13ABF /* AllPostResponse.swift */; };
		2C004A8126B3375800D13ABF /* DeleveryResponse.swift in Sources */ = {isa = PBXBuildFile; fileRef = 2C004A8026B3375800D13ABF /* DeleveryResponse.swift */; };
		2C004A8B26B33D8200D13ABF /* ParcelResponse.swift in Sources */ = {isa = PBXBuildFile; fileRef = 2C004A8A26B33D8200D13ABF /* ParcelResponse.swift */; };
		2C004A8D26B3428200D13ABF /* TaxiResponse.swift in Sources */ = {isa = PBXBuildFile; fileRef = 2C004A8C26B3428200D13ABF /* TaxiResponse.swift */; };
		2C004A9326B345C100D13ABF /* LaundryResponse.swift in Sources */ = {isa = PBXBuildFile; fileRef = 2C004A9226B345C100D13ABF /* LaundryResponse.swift */; };
		2C004A9E26B34E3500D13ABF /* AllPostDataManager.swift in Sources */ = {isa = PBXBuildFile; fileRef = 2C004A9926B34E3500D13ABF /* AllPostDataManager.swift */; };
		2C004A9F26B34E3500D13ABF /* AllPostContract.swift in Sources */ = {isa = PBXBuildFile; fileRef = 2C004A9A26B34E3500D13ABF /* AllPostContract.swift */; };
		2C004AA026B34E3500D13ABF /* AllPostTableViewCell.swift in Sources */ = {isa = PBXBuildFile; fileRef = 2C004A9B26B34E3500D13ABF /* AllPostTableViewCell.swift */; };
		2C004AA126B34E3500D13ABF /* AllPostTableViewCell.xib in Resources */ = {isa = PBXBuildFile; fileRef = 2C004A9C26B34E3500D13ABF /* AllPostTableViewCell.xib */; };
		2C004AA226B34E3500D13ABF /* AllPostViewController.swift in Sources */ = {isa = PBXBuildFile; fileRef = 2C004A9D26B34E3500D13ABF /* AllPostViewController.swift */; };
		2C004AA926B34E4800D13ABF /* DeleveryDataManager.swift in Sources */ = {isa = PBXBuildFile; fileRef = 2C004AA426B34E4800D13ABF /* DeleveryDataManager.swift */; };
		2C004AAA26B34E4800D13ABF /* DeleveryTableViewCell.swift in Sources */ = {isa = PBXBuildFile; fileRef = 2C004AA526B34E4800D13ABF /* DeleveryTableViewCell.swift */; };
		2C004AAB26B34E4800D13ABF /* DeleveryViewController.swift in Sources */ = {isa = PBXBuildFile; fileRef = 2C004AA626B34E4800D13ABF /* DeleveryViewController.swift */; };
		2C004AAC26B34E4800D13ABF /* DeleveryContract.swift in Sources */ = {isa = PBXBuildFile; fileRef = 2C004AA726B34E4800D13ABF /* DeleveryContract.swift */; };
		2C004AAD26B34E4800D13ABF /* DeleveryTableViewCell.xib in Resources */ = {isa = PBXBuildFile; fileRef = 2C004AA826B34E4800D13ABF /* DeleveryTableViewCell.xib */; };
		2C004AB426B34E5400D13ABF /* TaxiContract.swift in Sources */ = {isa = PBXBuildFile; fileRef = 2C004AAF26B34E5300D13ABF /* TaxiContract.swift */; };
		2C004AB526B34E5400D13ABF /* TaxiDataManager.swift in Sources */ = {isa = PBXBuildFile; fileRef = 2C004AB026B34E5300D13ABF /* TaxiDataManager.swift */; };
		2C004AB626B34E5400D13ABF /* TaxiTableViewCell.swift in Sources */ = {isa = PBXBuildFile; fileRef = 2C004AB126B34E5300D13ABF /* TaxiTableViewCell.swift */; };
		2C004AB726B34E5400D13ABF /* TaxiViewController.swift in Sources */ = {isa = PBXBuildFile; fileRef = 2C004AB226B34E5300D13ABF /* TaxiViewController.swift */; };
		2C004AB826B34E5400D13ABF /* TaxiTableViewCell.xib in Resources */ = {isa = PBXBuildFile; fileRef = 2C004AB326B34E5400D13ABF /* TaxiTableViewCell.xib */; };
		2C004ABF26B34E5A00D13ABF /* ParcelTableViewCell.swift in Sources */ = {isa = PBXBuildFile; fileRef = 2C004ABA26B34E5A00D13ABF /* ParcelTableViewCell.swift */; };
		2C004AC026B34E5A00D13ABF /* ParcelDataManager.swift in Sources */ = {isa = PBXBuildFile; fileRef = 2C004ABB26B34E5A00D13ABF /* ParcelDataManager.swift */; };
		2C004AC126B34E5A00D13ABF /* ParcelTableViewCell.xib in Resources */ = {isa = PBXBuildFile; fileRef = 2C004ABC26B34E5A00D13ABF /* ParcelTableViewCell.xib */; };
		2C004AC226B34E5A00D13ABF /* ParcelViewController.swift in Sources */ = {isa = PBXBuildFile; fileRef = 2C004ABD26B34E5A00D13ABF /* ParcelViewController.swift */; };
		2C004AC326B34E5A00D13ABF /* ParcelContract.swift in Sources */ = {isa = PBXBuildFile; fileRef = 2C004ABE26B34E5A00D13ABF /* ParcelContract.swift */; };
		2C004ACA26B34E6000D13ABF /* LaundryTableViewCell.xib in Resources */ = {isa = PBXBuildFile; fileRef = 2C004AC526B34E6000D13ABF /* LaundryTableViewCell.xib */; };
		2C004ACB26B34E6000D13ABF /* LaundryViewController.swift in Sources */ = {isa = PBXBuildFile; fileRef = 2C004AC626B34E6000D13ABF /* LaundryViewController.swift */; };
		2C004ACC26B34E6000D13ABF /* LaundryContract.swift in Sources */ = {isa = PBXBuildFile; fileRef = 2C004AC726B34E6000D13ABF /* LaundryContract.swift */; };
		2C004ACD26B34E6000D13ABF /* LaundryTableViewCell.swift in Sources */ = {isa = PBXBuildFile; fileRef = 2C004AC826B34E6000D13ABF /* LaundryTableViewCell.swift */; };
		2C004ACE26B34E6000D13ABF /* LaundryDataManager.swift in Sources */ = {isa = PBXBuildFile; fileRef = 2C004AC926B34E6000D13ABF /* LaundryDataManager.swift */; };
		2C004AD226B3508E00D13ABF /* WriteArticleRequest.swift in Sources */ = {isa = PBXBuildFile; fileRef = 2C004AD126B3508E00D13ABF /* WriteArticleRequest.swift */; };
		2C004AD426B3509B00D13ABF /* WriteArticleResponse.swift in Sources */ = {isa = PBXBuildFile; fileRef = 2C004AD326B3509B00D13ABF /* WriteArticleResponse.swift */; };
		2C004AD626B3516900D13ABF /* WriteDataManager.swift in Sources */ = {isa = PBXBuildFile; fileRef = 2C004AD526B3516900D13ABF /* WriteDataManager.swift */; };
		2C004AD826B3517300D13ABF /* WriteContract.swift in Sources */ = {isa = PBXBuildFile; fileRef = 2C004AD726B3517300D13ABF /* WriteContract.swift */; };
		2C004ADB26B35B3D00D13ABF /* SearchRequest.swift in Sources */ = {isa = PBXBuildFile; fileRef = 2C004ADA26B35B3D00D13ABF /* SearchRequest.swift */; };
		2C004ADD26B35B4700D13ABF /* SearchResponse.swift in Sources */ = {isa = PBXBuildFile; fileRef = 2C004ADC26B35B4700D13ABF /* SearchResponse.swift */; };
		2C004ADF26B35BDA00D13ABF /* SearchDataManager.swift in Sources */ = {isa = PBXBuildFile; fileRef = 2C004ADE26B35BDA00D13ABF /* SearchDataManager.swift */; };
		2C004AE126B35BEC00D13ABF /* SearchContract.swift in Sources */ = {isa = PBXBuildFile; fileRef = 2C004AE026B35BEC00D13ABF /* SearchContract.swift */; };
		2C004AE326B36E8300D13ABF /* SettingDataManager.swift in Sources */ = {isa = PBXBuildFile; fileRef = 2C004AE226B36E8300D13ABF /* SettingDataManager.swift */; };
		2C004AE526B36E9100D13ABF /* SettingContract.swift in Sources */ = {isa = PBXBuildFile; fileRef = 2C004AE426B36E9100D13ABF /* SettingContract.swift */; };
		2C004AE826B36EDF00D13ABF /* GetUserInfoRequest.swift in Sources */ = {isa = PBXBuildFile; fileRef = 2C004AE726B36EDF00D13ABF /* GetUserInfoRequest.swift */; };
		2C004AEA26B36EEA00D13ABF /* GetUserInfoResponse.swift in Sources */ = {isa = PBXBuildFile; fileRef = 2C004AE926B36EEA00D13ABF /* GetUserInfoResponse.swift */; };
		2C004AEC26B3771100D13ABF /* CalendarDataManager.swift in Sources */ = {isa = PBXBuildFile; fileRef = 2C004AEB26B3771100D13ABF /* CalendarDataManager.swift */; };
		2C004AEE26B3772100D13ABF /* CalendarContract.swift in Sources */ = {isa = PBXBuildFile; fileRef = 2C004AED26B3772100D13ABF /* CalendarContract.swift */; };
		2C004AF126B381FD00D13ABF /* AddArticleCountRequest.swift in Sources */ = {isa = PBXBuildFile; fileRef = 2C004AF026B381FD00D13ABF /* AddArticleCountRequest.swift */; };
		2C004AF326B3820A00D13ABF /* AddArticleCountResponse.swift in Sources */ = {isa = PBXBuildFile; fileRef = 2C004AF226B3820A00D13ABF /* AddArticleCountResponse.swift */; };
		2C004AF526B382AC00D13ABF /* DetailPostViewDataManager.swift in Sources */ = {isa = PBXBuildFile; fileRef = 2C004AF426B382AC00D13ABF /* DetailPostViewDataManager.swift */; };
		2C004AF726B382B900D13ABF /* DetailPostViewContract.swift in Sources */ = {isa = PBXBuildFile; fileRef = 2C004AF626B382B900D13ABF /* DetailPostViewContract.swift */; };
		2C004AF926B385F700D13ABF /* DeleteArticleRequest.swift in Sources */ = {isa = PBXBuildFile; fileRef = 2C004AF826B385F700D13ABF /* DeleteArticleRequest.swift */; };
		2C004AFB26B3860100D13ABF /* DeleteArticleResponse.swift in Sources */ = {isa = PBXBuildFile; fileRef = 2C004AFA26B3860100D13ABF /* DeleteArticleResponse.swift */; };
		2C004AFD26B3886A00D13ABF /* BanArticleRequest.swift in Sources */ = {isa = PBXBuildFile; fileRef = 2C004AFC26B3886A00D13ABF /* BanArticleRequest.swift */; };
		2C004AFF26B3887500D13ABF /* BanArticleResponse.swift in Sources */ = {isa = PBXBuildFile; fileRef = 2C004AFE26B3887500D13ABF /* BanArticleResponse.swift */; };
		2C004B0126B38C8200D13ABF /* GetCommentRequest.swift in Sources */ = {isa = PBXBuildFile; fileRef = 2C004B0026B38C8200D13ABF /* GetCommentRequest.swift */; };
		2C004B0326B38C9000D13ABF /* GetCommentResponse.swift in Sources */ = {isa = PBXBuildFile; fileRef = 2C004B0226B38C9000D13ABF /* GetCommentResponse.swift */; };
		2C004B0526B3927A00D13ABF /* PostCommentRequest.swift in Sources */ = {isa = PBXBuildFile; fileRef = 2C004B0426B3927A00D13ABF /* PostCommentRequest.swift */; };
		2C004B0726B3928500D13ABF /* PostCommentResponse.swift in Sources */ = {isa = PBXBuildFile; fileRef = 2C004B0626B3928500D13ABF /* PostCommentResponse.swift */; };
		2C22FAF826B159FC003AB22A /* Post.storyboard in Resources */ = {isa = PBXBuildFile; fileRef = 2C22FAF726B159FC003AB22A /* Post.storyboard */; };
		2C22FAFA26B15A8A003AB22A /* In_Post.storyboard in Resources */ = {isa = PBXBuildFile; fileRef = 2C22FAF926B15A8A003AB22A /* In_Post.storyboard */; };
		2C26E64426AC82860086A795 /* MenuTableViewCell.swift in Sources */ = {isa = PBXBuildFile; fileRef = 2C26E64226AC82860086A795 /* MenuTableViewCell.swift */; };
		2C26E64526AC82860086A795 /* MenuTableViewCell.xib in Resources */ = {isa = PBXBuildFile; fileRef = 2C26E64326AC82860086A795 /* MenuTableViewCell.xib */; };
		2C298737268B5D5D005EEA64 /* AppDelegate.swift in Sources */ = {isa = PBXBuildFile; fileRef = 2C298736268B5D5D005EEA64 /* AppDelegate.swift */; };
		2C298739268B5D5D005EEA64 /* SceneDelegate.swift in Sources */ = {isa = PBXBuildFile; fileRef = 2C298738268B5D5D005EEA64 /* SceneDelegate.swift */; };
		2C29873E268B5D5D005EEA64 /* Home.storyboard in Resources */ = {isa = PBXBuildFile; fileRef = 2C29873C268B5D5D005EEA64 /* Home.storyboard */; };
		2C298740268B5D5E005EEA64 /* Assets.xcassets in Resources */ = {isa = PBXBuildFile; fileRef = 2C29873F268B5D5E005EEA64 /* Assets.xcassets */; };
		2C298743268B5D5E005EEA64 /* LaunchScreen.storyboard in Resources */ = {isa = PBXBuildFile; fileRef = 2C298741268B5D5E005EEA64 /* LaunchScreen.storyboard */; };
		2C35B9AC26B4396B0032CDA1 /* ExistsArticleRequest.swift in Sources */ = {isa = PBXBuildFile; fileRef = 2C35B9AB26B4396B0032CDA1 /* ExistsArticleRequest.swift */; };
		2C35B9AE26B439760032CDA1 /* ExistsArticleResponse.swift in Sources */ = {isa = PBXBuildFile; fileRef = 2C35B9AD26B439760032CDA1 /* ExistsArticleResponse.swift */; };
		2C5D018E268DF81D00CC6DD4 /* SBColor.swift in Sources */ = {isa = PBXBuildFile; fileRef = 2C5D018D268DF81D00CC6DD4 /* SBColor.swift */; };
		2C5D0193268E20E000CC6DD4 /* LoginViewController.swift in Sources */ = {isa = PBXBuildFile; fileRef = 2C5D0192268E20E000CC6DD4 /* LoginViewController.swift */; };
		2C5D0195268E20EC00CC6DD4 /* NickNameViewController.swift in Sources */ = {isa = PBXBuildFile; fileRef = 2C5D0194268E20EC00CC6DD4 /* NickNameViewController.swift */; };
		2C5D019F268E39ED00CC6DD4 /* NoticeViewController.swift in Sources */ = {isa = PBXBuildFile; fileRef = 2C5D019E268E39ED00CC6DD4 /* NoticeViewController.swift */; };
		2C5D01A1268E3ECA00CC6DD4 /* MainTabBarController.swift in Sources */ = {isa = PBXBuildFile; fileRef = 2C5D01A0268E3ECA00CC6DD4 /* MainTabBarController.swift */; };
		2C5D01AA268E4B7F00CC6DD4 /* Login.storyboard in Resources */ = {isa = PBXBuildFile; fileRef = 2C5D01A9268E4B7F00CC6DD4 /* Login.storyboard */; };
		2C5D39C226BE122A0046CD32 /* AutoScrollNoticeTableViewCell.swift in Sources */ = {isa = PBXBuildFile; fileRef = 2C5D39C026BE122A0046CD32 /* AutoScrollNoticeTableViewCell.swift */; };
		2C5D39C326BE122A0046CD32 /* AutoScrollNoticeTableViewCell.xib in Resources */ = {isa = PBXBuildFile; fileRef = 2C5D39C126BE122A0046CD32 /* AutoScrollNoticeTableViewCell.xib */; };
		2C5D39C626BE128F0046CD32 /* AutoScrollNoticeCollectionViewCell.swift in Sources */ = {isa = PBXBuildFile; fileRef = 2C5D39C426BE128F0046CD32 /* AutoScrollNoticeCollectionViewCell.swift */; };
		2C5D39C726BE128F0046CD32 /* AutoScrollNoticeCollectionViewCell.xib in Resources */ = {isa = PBXBuildFile; fileRef = 2C5D39C526BE128F0046CD32 /* AutoScrollNoticeCollectionViewCell.xib */; };
		2C5D39C926BE2D300046CD32 /* ChangeProfileImageRequest.swift in Sources */ = {isa = PBXBuildFile; fileRef = 2C5D39C826BE2D300046CD32 /* ChangeProfileImageRequest.swift */; };
		2C5D39CB26BE2D3F0046CD32 /* ChangeProfileImageResponse.swift in Sources */ = {isa = PBXBuildFile; fileRef = 2C5D39CA26BE2D3F0046CD32 /* ChangeProfileImageResponse.swift */; };
		2C5D39CD26BE30790046CD32 /* ChangeUserNicknameRequest.swift in Sources */ = {isa = PBXBuildFile; fileRef = 2C5D39CC26BE30790046CD32 /* ChangeUserNicknameRequest.swift */; };
		2C5D39CF26BE30890046CD32 /* ChangeUserNicknameResponse.swift in Sources */ = {isa = PBXBuildFile; fileRef = 2C5D39CE26BE30890046CD32 /* ChangeUserNicknameResponse.swift */; };
		2C5D39D126BE38BE0046CD32 /* ChangeNicknameViewController.swift in Sources */ = {isa = PBXBuildFile; fileRef = 2C5D39D026BE38BE0046CD32 /* ChangeNicknameViewController.swift */; };
		2C5E99902690E8A500E3504A /* CalendarViewController.swift in Sources */ = {isa = PBXBuildFile; fileRef = 2C5E998F2690E8A500E3504A /* CalendarViewController.swift */; };
		2CEC875426AF0E8D0073251C /* BanPopUPViewController.swift in Sources */ = {isa = PBXBuildFile; fileRef = 2CEC875326AF0E8D0073251C /* BanPopUPViewController.swift */; };
		2CEC875726AF241A0073251C /* MainPostTableViewCell.swift in Sources */ = {isa = PBXBuildFile; fileRef = 2CEC875526AF241A0073251C /* MainPostTableViewCell.swift */; };
		2CEC875826AF241A0073251C /* MainPostTableViewCell.xib in Resources */ = {isa = PBXBuildFile; fileRef = 2CEC875626AF241A0073251C /* MainPostTableViewCell.xib */; };
		2CEC875B26AF24280073251C /* MainCommentsTableViewCell.swift in Sources */ = {isa = PBXBuildFile; fileRef = 2CEC875926AF24280073251C /* MainCommentsTableViewCell.swift */; };
		2CEC875C26AF24280073251C /* MainCommentsTableViewCell.xib in Resources */ = {isa = PBXBuildFile; fileRef = 2CEC875A26AF24280073251C /* MainCommentsTableViewCell.xib */; };
		2CF11B2C26BDA58600477921 /* GoogleService-Info.plist in Resources */ = {isa = PBXBuildFile; fileRef = 2CF11B2B26BDA58600477921 /* GoogleService-Info.plist */; };
		2CF5791D26AD59C9007DBC9C /* TagCollectionViewCell.swift in Sources */ = {isa = PBXBuildFile; fileRef = 2CF5791B26AD59C9007DBC9C /* TagCollectionViewCell.swift */; };
		2CF5791E26AD59C9007DBC9C /* TagCollectionViewCell.xib in Resources */ = {isa = PBXBuildFile; fileRef = 2CF5791C26AD59C9007DBC9C /* TagCollectionViewCell.xib */; };
		2CF5793D26ADB26E007DBC9C /* SearchTableViewCell.swift in Sources */ = {isa = PBXBuildFile; fileRef = 2CF5793B26ADB26E007DBC9C /* SearchTableViewCell.swift */; };
		2CF5793E26ADB26E007DBC9C /* SearchTableViewCell.xib in Resources */ = {isa = PBXBuildFile; fileRef = 2CF5793C26ADB26E007DBC9C /* SearchTableViewCell.xib */; };
		2CF5794026ADDCF4007DBC9C /* DetailPostViewController.swift in Sources */ = {isa = PBXBuildFile; fileRef = 2CF5793F26ADDCF4007DBC9C /* DetailPostViewController.swift */; };
		2CFDA9B0269DE9F800612EDB /* SearchButtonTableViewCell.swift in Sources */ = {isa = PBXBuildFile; fileRef = 2CFDA9AE269DE9F800612EDB /* SearchButtonTableViewCell.swift */; };
		2CFDA9B1269DE9F800612EDB /* SearchButtonTableViewCell.xib in Resources */ = {isa = PBXBuildFile; fileRef = 2CFDA9AF269DE9F800612EDB /* SearchButtonTableViewCell.xib */; };
		2CFDA9B4269DEA1400612EDB /* CategoryButtonTableViewCell.swift in Sources */ = {isa = PBXBuildFile; fileRef = 2CFDA9B2269DEA1400612EDB /* CategoryButtonTableViewCell.swift */; };
		2CFDA9B5269DEA1400612EDB /* CategoryButtonTableViewCell.xib in Resources */ = {isa = PBXBuildFile; fileRef = 2CFDA9B3269DEA1400612EDB /* CategoryButtonTableViewCell.xib */; };
		2CFDA9B8269DEA3100612EDB /* RecentPostViewTableViewCell.swift in Sources */ = {isa = PBXBuildFile; fileRef = 2CFDA9B6269DEA3100612EDB /* RecentPostViewTableViewCell.swift */; };
		2CFDA9B9269DEA3100612EDB /* RecentPostViewTableViewCell.xib in Resources */ = {isa = PBXBuildFile; fileRef = 2CFDA9B7269DEA3100612EDB /* RecentPostViewTableViewCell.xib */; };
		2CFDA9BC269DEA4100612EDB /* NowTimeMenuTableViewCell.swift in Sources */ = {isa = PBXBuildFile; fileRef = 2CFDA9BA269DEA4100612EDB /* NowTimeMenuTableViewCell.swift */; };
		2CFDA9BD269DEA4100612EDB /* NowTimeMenuTableViewCell.xib in Resources */ = {isa = PBXBuildFile; fileRef = 2CFDA9BB269DEA4100612EDB /* NowTimeMenuTableViewCell.xib */; };
		2CFDA9BF269DEFD300612EDB /* MainBaseViewController.swift in Sources */ = {isa = PBXBuildFile; fileRef = 2CFDA9BE269DEFD300612EDB /* MainBaseViewController.swift */; };
		2CFDA9C2269DF42600612EDB /* RecentPostContentsTableViewCell.swift in Sources */ = {isa = PBXBuildFile; fileRef = 2CFDA9C0269DF42600612EDB /* RecentPostContentsTableViewCell.swift */; };
		2CFDA9C3269DF42600612EDB /* RecentPostContentsTableViewCell.xib in Resources */ = {isa = PBXBuildFile; fileRef = 2CFDA9C1269DF42600612EDB /* RecentPostContentsTableViewCell.xib */; };
		2CFDA9C5269E0DE000612EDB /* SearchViewController.swift in Sources */ = {isa = PBXBuildFile; fileRef = 2CFDA9C4269E0DE000612EDB /* SearchViewController.swift */; };
		2CFDA9C7269E0DEC00612EDB /* SettingViewController.swift in Sources */ = {isa = PBXBuildFile; fileRef = 2CFDA9C6269E0DEC00612EDB /* SettingViewController.swift */; };
		2CFDA9C9269E0DF800612EDB /* WriteViewController.swift in Sources */ = {isa = PBXBuildFile; fileRef = 2CFDA9C8269E0DF800612EDB /* WriteViewController.swift */; };
		CD77454F7846BED1AC167251 /* Pods_TeamSB.framework in Frameworks */ = {isa = PBXBuildFile; fileRef = 96815A5CEC0BB20119CD98C4 /* Pods_TeamSB.framework */; };
/* End PBXBuildFile section */

/* Begin PBXFileReference section */
		2C004A4826B2E55800D13ABF /* LoginRequest.swift */ = {isa = PBXFileReference; lastKnownFileType = sourcecode.swift; path = LoginRequest.swift; sourceTree = "<group>"; };
		2C004A4A26B2E58300D13ABF /* LoginResponse.swift */ = {isa = PBXFileReference; lastKnownFileType = sourcecode.swift; path = LoginResponse.swift; sourceTree = "<group>"; };
		2C004A4C26B2E5BB00D13ABF /* LoginDataManager.swift */ = {isa = PBXFileReference; lastKnownFileType = sourcecode.swift; path = LoginDataManager.swift; sourceTree = "<group>"; };
		2C004A4E26B2E5DE00D13ABF /* ConstantURL.swift */ = {isa = PBXFileReference; lastKnownFileType = sourcecode.swift; path = ConstantURL.swift; sourceTree = "<group>"; };
		2C004A5126B2E9B000D13ABF /* LoginContract.swift */ = {isa = PBXFileReference; lastKnownFileType = sourcecode.swift; path = LoginContract.swift; sourceTree = "<group>"; };
		2C004A5426B2F24500D13ABF /* UIViewController.swift */ = {isa = PBXFileReference; lastKnownFileType = sourcecode.swift; path = UIViewController.swift; sourceTree = "<group>"; };
		2C004A5626B2F43200D13ABF /* String.swift */ = {isa = PBXFileReference; lastKnownFileType = sourcecode.swift; path = String.swift; sourceTree = "<group>"; };
		2C004A5826B2FD3000D13ABF /* NicknameCheckRequest.swift */ = {isa = PBXFileReference; lastKnownFileType = sourcecode.swift; path = NicknameCheckRequest.swift; sourceTree = "<group>"; };
		2C004A5A26B2FD3700D13ABF /* NicknameCheckResponse.swift */ = {isa = PBXFileReference; lastKnownFileType = sourcecode.swift; path = NicknameCheckResponse.swift; sourceTree = "<group>"; };
		2C004A5C26B2FE4900D13ABF /* NicknameDataManager.swift */ = {isa = PBXFileReference; lastKnownFileType = sourcecode.swift; path = NicknameDataManager.swift; sourceTree = "<group>"; };
		2C004A5E26B2FF5D00D13ABF /* NicknameConstract.swift */ = {isa = PBXFileReference; lastKnownFileType = sourcecode.swift; path = NicknameConstract.swift; sourceTree = "<group>"; };
		2C004A6026B302C200D13ABF /* NicknameSetRequest.swift */ = {isa = PBXFileReference; lastKnownFileType = sourcecode.swift; path = NicknameSetRequest.swift; sourceTree = "<group>"; };
		2C004A6226B302F600D13ABF /* NicknameSetResponse.swift */ = {isa = PBXFileReference; lastKnownFileType = sourcecode.swift; path = NicknameSetResponse.swift; sourceTree = "<group>"; };
		2C004A6526B30D9D00D13ABF /* GetUserNicknameRequest.swift */ = {isa = PBXFileReference; lastKnownFileType = sourcecode.swift; path = GetUserNicknameRequest.swift; sourceTree = "<group>"; };
		2C004A6726B30DA600D13ABF /* GetUserNicknameResponse.swift */ = {isa = PBXFileReference; lastKnownFileType = sourcecode.swift; path = GetUserNicknameResponse.swift; sourceTree = "<group>"; };
		2C004A6A26B30E9100D13ABF /* MainContract.swift */ = {isa = PBXFileReference; lastKnownFileType = sourcecode.swift; path = MainContract.swift; sourceTree = "<group>"; };
		2C004A6C26B30E9D00D13ABF /* MainDataManager.swift */ = {isa = PBXFileReference; lastKnownFileType = sourcecode.swift; path = MainDataManager.swift; sourceTree = "<group>"; };
		2C004A6E26B3137300D13ABF /* MenuResponse.swift */ = {isa = PBXFileReference; lastKnownFileType = sourcecode.swift; path = MenuResponse.swift; sourceTree = "<group>"; };
		2C004A7026B3209200D13ABF /* RecentPostResponse.swift */ = {isa = PBXFileReference; lastKnownFileType = sourcecode.swift; path = RecentPostResponse.swift; sourceTree = "<group>"; };
		2C004A7A26B32D6400D13ABF /* AllPostResponse.swift */ = {isa = PBXFileReference; lastKnownFileType = sourcecode.swift; path = AllPostResponse.swift; sourceTree = "<group>"; };
		2C004A8026B3375800D13ABF /* DeleveryResponse.swift */ = {isa = PBXFileReference; lastKnownFileType = sourcecode.swift; path = DeleveryResponse.swift; sourceTree = "<group>"; };
		2C004A8A26B33D8200D13ABF /* ParcelResponse.swift */ = {isa = PBXFileReference; lastKnownFileType = sourcecode.swift; path = ParcelResponse.swift; sourceTree = "<group>"; };
		2C004A8C26B3428200D13ABF /* TaxiResponse.swift */ = {isa = PBXFileReference; lastKnownFileType = sourcecode.swift; path = TaxiResponse.swift; sourceTree = "<group>"; };
		2C004A9226B345C100D13ABF /* LaundryResponse.swift */ = {isa = PBXFileReference; lastKnownFileType = sourcecode.swift; path = LaundryResponse.swift; sourceTree = "<group>"; };
		2C004A9926B34E3500D13ABF /* AllPostDataManager.swift */ = {isa = PBXFileReference; fileEncoding = 4; lastKnownFileType = sourcecode.swift; path = AllPostDataManager.swift; sourceTree = "<group>"; };
		2C004A9A26B34E3500D13ABF /* AllPostContract.swift */ = {isa = PBXFileReference; fileEncoding = 4; lastKnownFileType = sourcecode.swift; path = AllPostContract.swift; sourceTree = "<group>"; };
		2C004A9B26B34E3500D13ABF /* AllPostTableViewCell.swift */ = {isa = PBXFileReference; fileEncoding = 4; lastKnownFileType = sourcecode.swift; path = AllPostTableViewCell.swift; sourceTree = "<group>"; };
		2C004A9C26B34E3500D13ABF /* AllPostTableViewCell.xib */ = {isa = PBXFileReference; fileEncoding = 4; lastKnownFileType = file.xib; path = AllPostTableViewCell.xib; sourceTree = "<group>"; };
		2C004A9D26B34E3500D13ABF /* AllPostViewController.swift */ = {isa = PBXFileReference; fileEncoding = 4; lastKnownFileType = sourcecode.swift; path = AllPostViewController.swift; sourceTree = "<group>"; };
		2C004AA426B34E4800D13ABF /* DeleveryDataManager.swift */ = {isa = PBXFileReference; fileEncoding = 4; lastKnownFileType = sourcecode.swift; path = DeleveryDataManager.swift; sourceTree = "<group>"; };
		2C004AA526B34E4800D13ABF /* DeleveryTableViewCell.swift */ = {isa = PBXFileReference; fileEncoding = 4; lastKnownFileType = sourcecode.swift; path = DeleveryTableViewCell.swift; sourceTree = "<group>"; };
		2C004AA626B34E4800D13ABF /* DeleveryViewController.swift */ = {isa = PBXFileReference; fileEncoding = 4; lastKnownFileType = sourcecode.swift; path = DeleveryViewController.swift; sourceTree = "<group>"; };
		2C004AA726B34E4800D13ABF /* DeleveryContract.swift */ = {isa = PBXFileReference; fileEncoding = 4; lastKnownFileType = sourcecode.swift; path = DeleveryContract.swift; sourceTree = "<group>"; };
		2C004AA826B34E4800D13ABF /* DeleveryTableViewCell.xib */ = {isa = PBXFileReference; fileEncoding = 4; lastKnownFileType = file.xib; path = DeleveryTableViewCell.xib; sourceTree = "<group>"; };
		2C004AAF26B34E5300D13ABF /* TaxiContract.swift */ = {isa = PBXFileReference; fileEncoding = 4; lastKnownFileType = sourcecode.swift; path = TaxiContract.swift; sourceTree = "<group>"; };
		2C004AB026B34E5300D13ABF /* TaxiDataManager.swift */ = {isa = PBXFileReference; fileEncoding = 4; lastKnownFileType = sourcecode.swift; path = TaxiDataManager.swift; sourceTree = "<group>"; };
		2C004AB126B34E5300D13ABF /* TaxiTableViewCell.swift */ = {isa = PBXFileReference; fileEncoding = 4; lastKnownFileType = sourcecode.swift; path = TaxiTableViewCell.swift; sourceTree = "<group>"; };
		2C004AB226B34E5300D13ABF /* TaxiViewController.swift */ = {isa = PBXFileReference; fileEncoding = 4; lastKnownFileType = sourcecode.swift; path = TaxiViewController.swift; sourceTree = "<group>"; };
		2C004AB326B34E5400D13ABF /* TaxiTableViewCell.xib */ = {isa = PBXFileReference; fileEncoding = 4; lastKnownFileType = file.xib; path = TaxiTableViewCell.xib; sourceTree = "<group>"; };
		2C004ABA26B34E5A00D13ABF /* ParcelTableViewCell.swift */ = {isa = PBXFileReference; fileEncoding = 4; lastKnownFileType = sourcecode.swift; path = ParcelTableViewCell.swift; sourceTree = "<group>"; };
		2C004ABB26B34E5A00D13ABF /* ParcelDataManager.swift */ = {isa = PBXFileReference; fileEncoding = 4; lastKnownFileType = sourcecode.swift; path = ParcelDataManager.swift; sourceTree = "<group>"; };
		2C004ABC26B34E5A00D13ABF /* ParcelTableViewCell.xib */ = {isa = PBXFileReference; fileEncoding = 4; lastKnownFileType = file.xib; path = ParcelTableViewCell.xib; sourceTree = "<group>"; };
		2C004ABD26B34E5A00D13ABF /* ParcelViewController.swift */ = {isa = PBXFileReference; fileEncoding = 4; lastKnownFileType = sourcecode.swift; path = ParcelViewController.swift; sourceTree = "<group>"; };
		2C004ABE26B34E5A00D13ABF /* ParcelContract.swift */ = {isa = PBXFileReference; fileEncoding = 4; lastKnownFileType = sourcecode.swift; path = ParcelContract.swift; sourceTree = "<group>"; };
		2C004AC526B34E6000D13ABF /* LaundryTableViewCell.xib */ = {isa = PBXFileReference; fileEncoding = 4; lastKnownFileType = file.xib; path = LaundryTableViewCell.xib; sourceTree = "<group>"; };
		2C004AC626B34E6000D13ABF /* LaundryViewController.swift */ = {isa = PBXFileReference; fileEncoding = 4; lastKnownFileType = sourcecode.swift; path = LaundryViewController.swift; sourceTree = "<group>"; };
		2C004AC726B34E6000D13ABF /* LaundryContract.swift */ = {isa = PBXFileReference; fileEncoding = 4; lastKnownFileType = sourcecode.swift; path = LaundryContract.swift; sourceTree = "<group>"; };
		2C004AC826B34E6000D13ABF /* LaundryTableViewCell.swift */ = {isa = PBXFileReference; fileEncoding = 4; lastKnownFileType = sourcecode.swift; path = LaundryTableViewCell.swift; sourceTree = "<group>"; };
		2C004AC926B34E6000D13ABF /* LaundryDataManager.swift */ = {isa = PBXFileReference; fileEncoding = 4; lastKnownFileType = sourcecode.swift; path = LaundryDataManager.swift; sourceTree = "<group>"; };
		2C004AD126B3508E00D13ABF /* WriteArticleRequest.swift */ = {isa = PBXFileReference; lastKnownFileType = sourcecode.swift; path = WriteArticleRequest.swift; sourceTree = "<group>"; };
		2C004AD326B3509B00D13ABF /* WriteArticleResponse.swift */ = {isa = PBXFileReference; lastKnownFileType = sourcecode.swift; path = WriteArticleResponse.swift; sourceTree = "<group>"; };
		2C004AD526B3516900D13ABF /* WriteDataManager.swift */ = {isa = PBXFileReference; lastKnownFileType = sourcecode.swift; path = WriteDataManager.swift; sourceTree = "<group>"; };
		2C004AD726B3517300D13ABF /* WriteContract.swift */ = {isa = PBXFileReference; lastKnownFileType = sourcecode.swift; path = WriteContract.swift; sourceTree = "<group>"; };
		2C004ADA26B35B3D00D13ABF /* SearchRequest.swift */ = {isa = PBXFileReference; lastKnownFileType = sourcecode.swift; path = SearchRequest.swift; sourceTree = "<group>"; };
		2C004ADC26B35B4700D13ABF /* SearchResponse.swift */ = {isa = PBXFileReference; lastKnownFileType = sourcecode.swift; path = SearchResponse.swift; sourceTree = "<group>"; };
		2C004ADE26B35BDA00D13ABF /* SearchDataManager.swift */ = {isa = PBXFileReference; lastKnownFileType = sourcecode.swift; path = SearchDataManager.swift; sourceTree = "<group>"; };
		2C004AE026B35BEC00D13ABF /* SearchContract.swift */ = {isa = PBXFileReference; lastKnownFileType = sourcecode.swift; path = SearchContract.swift; sourceTree = "<group>"; };
		2C004AE226B36E8300D13ABF /* SettingDataManager.swift */ = {isa = PBXFileReference; lastKnownFileType = sourcecode.swift; path = SettingDataManager.swift; sourceTree = "<group>"; };
		2C004AE426B36E9100D13ABF /* SettingContract.swift */ = {isa = PBXFileReference; lastKnownFileType = sourcecode.swift; path = SettingContract.swift; sourceTree = "<group>"; };
		2C004AE726B36EDF00D13ABF /* GetUserInfoRequest.swift */ = {isa = PBXFileReference; lastKnownFileType = sourcecode.swift; path = GetUserInfoRequest.swift; sourceTree = "<group>"; };
		2C004AE926B36EEA00D13ABF /* GetUserInfoResponse.swift */ = {isa = PBXFileReference; lastKnownFileType = sourcecode.swift; path = GetUserInfoResponse.swift; sourceTree = "<group>"; };
		2C004AEB26B3771100D13ABF /* CalendarDataManager.swift */ = {isa = PBXFileReference; lastKnownFileType = sourcecode.swift; path = CalendarDataManager.swift; sourceTree = "<group>"; };
		2C004AED26B3772100D13ABF /* CalendarContract.swift */ = {isa = PBXFileReference; lastKnownFileType = sourcecode.swift; path = CalendarContract.swift; sourceTree = "<group>"; };
		2C004AF026B381FD00D13ABF /* AddArticleCountRequest.swift */ = {isa = PBXFileReference; lastKnownFileType = sourcecode.swift; path = AddArticleCountRequest.swift; sourceTree = "<group>"; };
		2C004AF226B3820A00D13ABF /* AddArticleCountResponse.swift */ = {isa = PBXFileReference; lastKnownFileType = sourcecode.swift; path = AddArticleCountResponse.swift; sourceTree = "<group>"; };
		2C004AF426B382AC00D13ABF /* DetailPostViewDataManager.swift */ = {isa = PBXFileReference; lastKnownFileType = sourcecode.swift; path = DetailPostViewDataManager.swift; sourceTree = "<group>"; };
		2C004AF626B382B900D13ABF /* DetailPostViewContract.swift */ = {isa = PBXFileReference; lastKnownFileType = sourcecode.swift; path = DetailPostViewContract.swift; sourceTree = "<group>"; };
		2C004AF826B385F700D13ABF /* DeleteArticleRequest.swift */ = {isa = PBXFileReference; lastKnownFileType = sourcecode.swift; path = DeleteArticleRequest.swift; sourceTree = "<group>"; };
		2C004AFA26B3860100D13ABF /* DeleteArticleResponse.swift */ = {isa = PBXFileReference; lastKnownFileType = sourcecode.swift; path = DeleteArticleResponse.swift; sourceTree = "<group>"; };
		2C004AFC26B3886A00D13ABF /* BanArticleRequest.swift */ = {isa = PBXFileReference; lastKnownFileType = sourcecode.swift; path = BanArticleRequest.swift; sourceTree = "<group>"; };
		2C004AFE26B3887500D13ABF /* BanArticleResponse.swift */ = {isa = PBXFileReference; lastKnownFileType = sourcecode.swift; path = BanArticleResponse.swift; sourceTree = "<group>"; };
		2C004B0026B38C8200D13ABF /* GetCommentRequest.swift */ = {isa = PBXFileReference; lastKnownFileType = sourcecode.swift; path = GetCommentRequest.swift; sourceTree = "<group>"; };
		2C004B0226B38C9000D13ABF /* GetCommentResponse.swift */ = {isa = PBXFileReference; lastKnownFileType = sourcecode.swift; path = GetCommentResponse.swift; sourceTree = "<group>"; };
		2C004B0426B3927A00D13ABF /* PostCommentRequest.swift */ = {isa = PBXFileReference; lastKnownFileType = sourcecode.swift; path = PostCommentRequest.swift; sourceTree = "<group>"; };
		2C004B0626B3928500D13ABF /* PostCommentResponse.swift */ = {isa = PBXFileReference; lastKnownFileType = sourcecode.swift; path = PostCommentResponse.swift; sourceTree = "<group>"; };
		2C1D65BD26B0AD4D00F1B565 /* TeamSB.entitlements */ = {isa = PBXFileReference; lastKnownFileType = text.plist.entitlements; path = TeamSB.entitlements; sourceTree = "<group>"; };
		2C22FAF726B159FC003AB22A /* Post.storyboard */ = {isa = PBXFileReference; lastKnownFileType = file.storyboard; path = Post.storyboard; sourceTree = "<group>"; };
		2C22FAF926B15A8A003AB22A /* In_Post.storyboard */ = {isa = PBXFileReference; lastKnownFileType = file.storyboard; path = In_Post.storyboard; sourceTree = "<group>"; };
		2C26E64226AC82860086A795 /* MenuTableViewCell.swift */ = {isa = PBXFileReference; lastKnownFileType = sourcecode.swift; path = MenuTableViewCell.swift; sourceTree = "<group>"; };
		2C26E64326AC82860086A795 /* MenuTableViewCell.xib */ = {isa = PBXFileReference; lastKnownFileType = file.xib; path = MenuTableViewCell.xib; sourceTree = "<group>"; };
		2C298733268B5D5D005EEA64 /* TeamSB.app */ = {isa = PBXFileReference; explicitFileType = wrapper.application; includeInIndex = 0; path = TeamSB.app; sourceTree = BUILT_PRODUCTS_DIR; };
		2C298736268B5D5D005EEA64 /* AppDelegate.swift */ = {isa = PBXFileReference; lastKnownFileType = sourcecode.swift; path = AppDelegate.swift; sourceTree = "<group>"; };
		2C298738268B5D5D005EEA64 /* SceneDelegate.swift */ = {isa = PBXFileReference; lastKnownFileType = sourcecode.swift; path = SceneDelegate.swift; sourceTree = "<group>"; };
		2C29873D268B5D5D005EEA64 /* Base */ = {isa = PBXFileReference; lastKnownFileType = file.storyboard; name = Base; path = Base.lproj/Home.storyboard; sourceTree = "<group>"; };
		2C29873F268B5D5E005EEA64 /* Assets.xcassets */ = {isa = PBXFileReference; lastKnownFileType = folder.assetcatalog; path = Assets.xcassets; sourceTree = "<group>"; };
		2C298742268B5D5E005EEA64 /* Base */ = {isa = PBXFileReference; lastKnownFileType = file.storyboard; name = Base; path = Base.lproj/LaunchScreen.storyboard; sourceTree = "<group>"; };
		2C298744268B5D5E005EEA64 /* Info.plist */ = {isa = PBXFileReference; lastKnownFileType = text.plist.xml; path = Info.plist; sourceTree = "<group>"; };
		2C35B9AB26B4396B0032CDA1 /* ExistsArticleRequest.swift */ = {isa = PBXFileReference; lastKnownFileType = sourcecode.swift; path = ExistsArticleRequest.swift; sourceTree = "<group>"; };
		2C35B9AD26B439760032CDA1 /* ExistsArticleResponse.swift */ = {isa = PBXFileReference; lastKnownFileType = sourcecode.swift; path = ExistsArticleResponse.swift; sourceTree = "<group>"; };
		2C5D018D268DF81D00CC6DD4 /* SBColor.swift */ = {isa = PBXFileReference; lastKnownFileType = sourcecode.swift; path = SBColor.swift; sourceTree = "<group>"; };
		2C5D0192268E20E000CC6DD4 /* LoginViewController.swift */ = {isa = PBXFileReference; lastKnownFileType = sourcecode.swift; path = LoginViewController.swift; sourceTree = "<group>"; };
		2C5D0194268E20EC00CC6DD4 /* NickNameViewController.swift */ = {isa = PBXFileReference; lastKnownFileType = sourcecode.swift; path = NickNameViewController.swift; sourceTree = "<group>"; };
		2C5D019E268E39ED00CC6DD4 /* NoticeViewController.swift */ = {isa = PBXFileReference; lastKnownFileType = sourcecode.swift; path = NoticeViewController.swift; sourceTree = "<group>"; };
		2C5D01A0268E3ECA00CC6DD4 /* MainTabBarController.swift */ = {isa = PBXFileReference; lastKnownFileType = sourcecode.swift; path = MainTabBarController.swift; sourceTree = "<group>"; };
		2C5D01A9268E4B7F00CC6DD4 /* Login.storyboard */ = {isa = PBXFileReference; lastKnownFileType = file.storyboard; path = Login.storyboard; sourceTree = "<group>"; };
		2C5D39C026BE122A0046CD32 /* AutoScrollNoticeTableViewCell.swift */ = {isa = PBXFileReference; lastKnownFileType = sourcecode.swift; path = AutoScrollNoticeTableViewCell.swift; sourceTree = "<group>"; };
		2C5D39C126BE122A0046CD32 /* AutoScrollNoticeTableViewCell.xib */ = {isa = PBXFileReference; lastKnownFileType = file.xib; path = AutoScrollNoticeTableViewCell.xib; sourceTree = "<group>"; };
		2C5D39C426BE128F0046CD32 /* AutoScrollNoticeCollectionViewCell.swift */ = {isa = PBXFileReference; lastKnownFileType = sourcecode.swift; path = AutoScrollNoticeCollectionViewCell.swift; sourceTree = "<group>"; };
		2C5D39C526BE128F0046CD32 /* AutoScrollNoticeCollectionViewCell.xib */ = {isa = PBXFileReference; lastKnownFileType = file.xib; path = AutoScrollNoticeCollectionViewCell.xib; sourceTree = "<group>"; };
		2C5D39C826BE2D300046CD32 /* ChangeProfileImageRequest.swift */ = {isa = PBXFileReference; lastKnownFileType = sourcecode.swift; path = ChangeProfileImageRequest.swift; sourceTree = "<group>"; };
		2C5D39CA26BE2D3F0046CD32 /* ChangeProfileImageResponse.swift */ = {isa = PBXFileReference; lastKnownFileType = sourcecode.swift; path = ChangeProfileImageResponse.swift; sourceTree = "<group>"; };
		2C5D39CC26BE30790046CD32 /* ChangeUserNicknameRequest.swift */ = {isa = PBXFileReference; lastKnownFileType = sourcecode.swift; path = ChangeUserNicknameRequest.swift; sourceTree = "<group>"; };
		2C5D39CE26BE30890046CD32 /* ChangeUserNicknameResponse.swift */ = {isa = PBXFileReference; lastKnownFileType = sourcecode.swift; path = ChangeUserNicknameResponse.swift; sourceTree = "<group>"; };
		2C5D39D026BE38BE0046CD32 /* ChangeNicknameViewController.swift */ = {isa = PBXFileReference; lastKnownFileType = sourcecode.swift; path = ChangeNicknameViewController.swift; sourceTree = "<group>"; };
		2C5E998F2690E8A500E3504A /* CalendarViewController.swift */ = {isa = PBXFileReference; lastKnownFileType = sourcecode.swift; path = CalendarViewController.swift; sourceTree = "<group>"; };
		2CEC875326AF0E8D0073251C /* BanPopUPViewController.swift */ = {isa = PBXFileReference; lastKnownFileType = sourcecode.swift; path = BanPopUPViewController.swift; sourceTree = "<group>"; };
		2CEC875526AF241A0073251C /* MainPostTableViewCell.swift */ = {isa = PBXFileReference; lastKnownFileType = sourcecode.swift; path = MainPostTableViewCell.swift; sourceTree = "<group>"; };
		2CEC875626AF241A0073251C /* MainPostTableViewCell.xib */ = {isa = PBXFileReference; lastKnownFileType = file.xib; path = MainPostTableViewCell.xib; sourceTree = "<group>"; };
		2CEC875926AF24280073251C /* MainCommentsTableViewCell.swift */ = {isa = PBXFileReference; lastKnownFileType = sourcecode.swift; path = MainCommentsTableViewCell.swift; sourceTree = "<group>"; };
		2CEC875A26AF24280073251C /* MainCommentsTableViewCell.xib */ = {isa = PBXFileReference; lastKnownFileType = file.xib; path = MainCommentsTableViewCell.xib; sourceTree = "<group>"; };
		2CF11B2B26BDA58600477921 /* GoogleService-Info.plist */ = {isa = PBXFileReference; fileEncoding = 4; lastKnownFileType = text.plist.xml; path = "GoogleService-Info.plist"; sourceTree = "<group>"; };
		2CF5791B26AD59C9007DBC9C /* TagCollectionViewCell.swift */ = {isa = PBXFileReference; lastKnownFileType = sourcecode.swift; path = TagCollectionViewCell.swift; sourceTree = "<group>"; };
		2CF5791C26AD59C9007DBC9C /* TagCollectionViewCell.xib */ = {isa = PBXFileReference; lastKnownFileType = file.xib; path = TagCollectionViewCell.xib; sourceTree = "<group>"; };
		2CF5793B26ADB26E007DBC9C /* SearchTableViewCell.swift */ = {isa = PBXFileReference; lastKnownFileType = sourcecode.swift; path = SearchTableViewCell.swift; sourceTree = "<group>"; };
		2CF5793C26ADB26E007DBC9C /* SearchTableViewCell.xib */ = {isa = PBXFileReference; lastKnownFileType = file.xib; path = SearchTableViewCell.xib; sourceTree = "<group>"; };
		2CF5793F26ADDCF4007DBC9C /* DetailPostViewController.swift */ = {isa = PBXFileReference; lastKnownFileType = sourcecode.swift; path = DetailPostViewController.swift; sourceTree = "<group>"; };
		2CFDA9AE269DE9F800612EDB /* SearchButtonTableViewCell.swift */ = {isa = PBXFileReference; lastKnownFileType = sourcecode.swift; path = SearchButtonTableViewCell.swift; sourceTree = "<group>"; };
		2CFDA9AF269DE9F800612EDB /* SearchButtonTableViewCell.xib */ = {isa = PBXFileReference; lastKnownFileType = file.xib; path = SearchButtonTableViewCell.xib; sourceTree = "<group>"; };
		2CFDA9B2269DEA1400612EDB /* CategoryButtonTableViewCell.swift */ = {isa = PBXFileReference; lastKnownFileType = sourcecode.swift; path = CategoryButtonTableViewCell.swift; sourceTree = "<group>"; };
		2CFDA9B3269DEA1400612EDB /* CategoryButtonTableViewCell.xib */ = {isa = PBXFileReference; lastKnownFileType = file.xib; path = CategoryButtonTableViewCell.xib; sourceTree = "<group>"; };
		2CFDA9B6269DEA3100612EDB /* RecentPostViewTableViewCell.swift */ = {isa = PBXFileReference; lastKnownFileType = sourcecode.swift; path = RecentPostViewTableViewCell.swift; sourceTree = "<group>"; };
		2CFDA9B7269DEA3100612EDB /* RecentPostViewTableViewCell.xib */ = {isa = PBXFileReference; lastKnownFileType = file.xib; path = RecentPostViewTableViewCell.xib; sourceTree = "<group>"; };
		2CFDA9BA269DEA4100612EDB /* NowTimeMenuTableViewCell.swift */ = {isa = PBXFileReference; lastKnownFileType = sourcecode.swift; path = NowTimeMenuTableViewCell.swift; sourceTree = "<group>"; };
		2CFDA9BB269DEA4100612EDB /* NowTimeMenuTableViewCell.xib */ = {isa = PBXFileReference; lastKnownFileType = file.xib; path = NowTimeMenuTableViewCell.xib; sourceTree = "<group>"; };
		2CFDA9BE269DEFD300612EDB /* MainBaseViewController.swift */ = {isa = PBXFileReference; lastKnownFileType = sourcecode.swift; path = MainBaseViewController.swift; sourceTree = "<group>"; };
		2CFDA9C0269DF42600612EDB /* RecentPostContentsTableViewCell.swift */ = {isa = PBXFileReference; lastKnownFileType = sourcecode.swift; path = RecentPostContentsTableViewCell.swift; sourceTree = "<group>"; };
		2CFDA9C1269DF42600612EDB /* RecentPostContentsTableViewCell.xib */ = {isa = PBXFileReference; lastKnownFileType = file.xib; path = RecentPostContentsTableViewCell.xib; sourceTree = "<group>"; };
		2CFDA9C4269E0DE000612EDB /* SearchViewController.swift */ = {isa = PBXFileReference; lastKnownFileType = sourcecode.swift; path = SearchViewController.swift; sourceTree = "<group>"; };
		2CFDA9C6269E0DEC00612EDB /* SettingViewController.swift */ = {isa = PBXFileReference; lastKnownFileType = sourcecode.swift; path = SettingViewController.swift; sourceTree = "<group>"; };
		2CFDA9C8269E0DF800612EDB /* WriteViewController.swift */ = {isa = PBXFileReference; lastKnownFileType = sourcecode.swift; path = WriteViewController.swift; sourceTree = "<group>"; };
		6B516DB41B53FEC91F198ADC /* Pods-TeamSB.debug.xcconfig */ = {isa = PBXFileReference; includeInIndex = 1; lastKnownFileType = text.xcconfig; name = "Pods-TeamSB.debug.xcconfig"; path = "Target Support Files/Pods-TeamSB/Pods-TeamSB.debug.xcconfig"; sourceTree = "<group>"; };
		7ECE9431B7DFD774352D584E /* Pods-TeamSB.release.xcconfig */ = {isa = PBXFileReference; includeInIndex = 1; lastKnownFileType = text.xcconfig; name = "Pods-TeamSB.release.xcconfig"; path = "Target Support Files/Pods-TeamSB/Pods-TeamSB.release.xcconfig"; sourceTree = "<group>"; };
		96815A5CEC0BB20119CD98C4 /* Pods_TeamSB.framework */ = {isa = PBXFileReference; explicitFileType = wrapper.framework; includeInIndex = 0; path = Pods_TeamSB.framework; sourceTree = BUILT_PRODUCTS_DIR; };
/* End PBXFileReference section */

/* Begin PBXFrameworksBuildPhase section */
		2C298730268B5D5D005EEA64 /* Frameworks */ = {
			isa = PBXFrameworksBuildPhase;
			buildActionMask = 2147483647;
			files = (
				CD77454F7846BED1AC167251 /* Pods_TeamSB.framework in Frameworks */,
			);
			runOnlyForDeploymentPostprocessing = 0;
		};
/* End PBXFrameworksBuildPhase section */

/* Begin PBXGroup section */
		1A7BCCE39600D469666E716B /* Pods */ = {
			isa = PBXGroup;
			children = (
				6B516DB41B53FEC91F198ADC /* Pods-TeamSB.debug.xcconfig */,
				7ECE9431B7DFD774352D584E /* Pods-TeamSB.release.xcconfig */,
			);
			path = Pods;
			sourceTree = "<group>";
		};
		2C004A4726B2E50100D13ABF /* DataManager */ = {
			isa = PBXGroup;
			children = (
			);
			path = DataManager;
			sourceTree = "<group>";
		};
		2C004A5026B2E88F00D13ABF /* API_Login */ = {
			isa = PBXGroup;
			children = (
				2C004A4826B2E55800D13ABF /* LoginRequest.swift */,
				2C004A4A26B2E58300D13ABF /* LoginResponse.swift */,
				2C004A5826B2FD3000D13ABF /* NicknameCheckRequest.swift */,
				2C004A5A26B2FD3700D13ABF /* NicknameCheckResponse.swift */,
				2C004A6026B302C200D13ABF /* NicknameSetRequest.swift */,
				2C004A6226B302F600D13ABF /* NicknameSetResponse.swift */,
			);
			path = API_Login;
			sourceTree = "<group>";
		};
		2C004A5326B2F23500D13ABF /* Extension */ = {
			isa = PBXGroup;
			children = (
				2C004A5426B2F24500D13ABF /* UIViewController.swift */,
				2C004A5626B2F43200D13ABF /* String.swift */,
			);
			path = Extension;
			sourceTree = "<group>";
		};
		2C004A6426B30D5300D13ABF /* API_Home */ = {
			isa = PBXGroup;
			children = (
				2C004A6526B30D9D00D13ABF /* GetUserNicknameRequest.swift */,
				2C004A6726B30DA600D13ABF /* GetUserNicknameResponse.swift */,
				2C004A6E26B3137300D13ABF /* MenuResponse.swift */,
				2C004A7026B3209200D13ABF /* RecentPostResponse.swift */,
			);
			path = API_Home;
			sourceTree = "<group>";
		};
		2C004A6926B30E4F00D13ABF /* HomeTableViewCell */ = {
			isa = PBXGroup;
			children = (
				2C5D39C026BE122A0046CD32 /* AutoScrollNoticeTableViewCell.swift */,
				2C5D39C126BE122A0046CD32 /* AutoScrollNoticeTableViewCell.xib */,
				2C5D39C426BE128F0046CD32 /* AutoScrollNoticeCollectionViewCell.swift */,
				2C5D39C526BE128F0046CD32 /* AutoScrollNoticeCollectionViewCell.xib */,
				2CFDA9AE269DE9F800612EDB /* SearchButtonTableViewCell.swift */,
				2CFDA9AF269DE9F800612EDB /* SearchButtonTableViewCell.xib */,
				2CFDA9B2269DEA1400612EDB /* CategoryButtonTableViewCell.swift */,
				2CFDA9B3269DEA1400612EDB /* CategoryButtonTableViewCell.xib */,
				2CFDA9B6269DEA3100612EDB /* RecentPostViewTableViewCell.swift */,
				2CFDA9B7269DEA3100612EDB /* RecentPostViewTableViewCell.xib */,
				2CFDA9BA269DEA4100612EDB /* NowTimeMenuTableViewCell.swift */,
				2CFDA9BB269DEA4100612EDB /* NowTimeMenuTableViewCell.xib */,
				2CFDA9C0269DF42600612EDB /* RecentPostContentsTableViewCell.swift */,
				2CFDA9C1269DF42600612EDB /* RecentPostContentsTableViewCell.xib */,
			);
			path = HomeTableViewCell;
			sourceTree = "<group>";
		};
		2C004A7226B32BF900D13ABF /* Post */ = {
			isa = PBXGroup;
			children = (
				2C004A9826B34E3500D13ABF /* All */,
				2C004AA326B34E4800D13ABF /* Delivery */,
				2C004AB926B34E5A00D13ABF /* Parcel */,
				2C004AAE26B34E5300D13ABF /* Taxi */,
				2C004AC426B34E6000D13ABF /* Laundry */,
			);
			path = Post;
			sourceTree = "<group>";
		};
		2C004A7926B32CE300D13ABF /* API_Post */ = {
			isa = PBXGroup;
			children = (
				2C004A7A26B32D6400D13ABF /* AllPostResponse.swift */,
				2C004A8026B3375800D13ABF /* DeleveryResponse.swift */,
				2C004A8A26B33D8200D13ABF /* ParcelResponse.swift */,
				2C004A8C26B3428200D13ABF /* TaxiResponse.swift */,
				2C004A9226B345C100D13ABF /* LaundryResponse.swift */,
			);
			path = API_Post;
			sourceTree = "<group>";
		};
		2C004A9826B34E3500D13ABF /* All */ = {
			isa = PBXGroup;
			children = (
				2C004A9926B34E3500D13ABF /* AllPostDataManager.swift */,
				2C004A9A26B34E3500D13ABF /* AllPostContract.swift */,
				2C004A9B26B34E3500D13ABF /* AllPostTableViewCell.swift */,
				2C004A9C26B34E3500D13ABF /* AllPostTableViewCell.xib */,
				2C004A9D26B34E3500D13ABF /* AllPostViewController.swift */,
			);
			path = All;
			sourceTree = "<group>";
		};
		2C004AA326B34E4800D13ABF /* Delivery */ = {
			isa = PBXGroup;
			children = (
				2C004AA426B34E4800D13ABF /* DeleveryDataManager.swift */,
				2C004AA626B34E4800D13ABF /* DeleveryViewController.swift */,
				2C004AA726B34E4800D13ABF /* DeleveryContract.swift */,
				2C004AA526B34E4800D13ABF /* DeleveryTableViewCell.swift */,
				2C004AA826B34E4800D13ABF /* DeleveryTableViewCell.xib */,
			);
			path = Delivery;
			sourceTree = "<group>";
		};
		2C004AAE26B34E5300D13ABF /* Taxi */ = {
			isa = PBXGroup;
			children = (
				2C004AAF26B34E5300D13ABF /* TaxiContract.swift */,
				2C004AB026B34E5300D13ABF /* TaxiDataManager.swift */,
				2C004AB126B34E5300D13ABF /* TaxiTableViewCell.swift */,
				2C004AB226B34E5300D13ABF /* TaxiViewController.swift */,
				2C004AB326B34E5400D13ABF /* TaxiTableViewCell.xib */,
			);
			path = Taxi;
			sourceTree = "<group>";
		};
		2C004AB926B34E5A00D13ABF /* Parcel */ = {
			isa = PBXGroup;
			children = (
				2C004ABA26B34E5A00D13ABF /* ParcelTableViewCell.swift */,
				2C004ABB26B34E5A00D13ABF /* ParcelDataManager.swift */,
				2C004ABC26B34E5A00D13ABF /* ParcelTableViewCell.xib */,
				2C004ABD26B34E5A00D13ABF /* ParcelViewController.swift */,
				2C004ABE26B34E5A00D13ABF /* ParcelContract.swift */,
			);
			path = Parcel;
			sourceTree = "<group>";
		};
		2C004AC426B34E6000D13ABF /* Laundry */ = {
			isa = PBXGroup;
			children = (
				2C004AC526B34E6000D13ABF /* LaundryTableViewCell.xib */,
				2C004AC626B34E6000D13ABF /* LaundryViewController.swift */,
				2C004AC726B34E6000D13ABF /* LaundryContract.swift */,
				2C004AC826B34E6000D13ABF /* LaundryTableViewCell.swift */,
				2C004AC926B34E6000D13ABF /* LaundryDataManager.swift */,
			);
			path = Laundry;
			sourceTree = "<group>";
		};
		2C004ACF26B3504200D13ABF /* Write */ = {
			isa = PBXGroup;
			children = (
				2CFDA9C8269E0DF800612EDB /* WriteViewController.swift */,
				2C004AD526B3516900D13ABF /* WriteDataManager.swift */,
				2C004AD726B3517300D13ABF /* WriteContract.swift */,
				2CF5791B26AD59C9007DBC9C /* TagCollectionViewCell.swift */,
				2CF5791C26AD59C9007DBC9C /* TagCollectionViewCell.xib */,
			);
			path = Write;
			sourceTree = "<group>";
		};
		2C004AD026B3505E00D13ABF /* API_Write */ = {
			isa = PBXGroup;
			children = (
				2C004AD126B3508E00D13ABF /* WriteArticleRequest.swift */,
				2C004AD326B3509B00D13ABF /* WriteArticleResponse.swift */,
			);
			path = API_Write;
			sourceTree = "<group>";
		};
		2C004AD926B35AFE00D13ABF /* API_Search */ = {
			isa = PBXGroup;
			children = (
				2C004ADA26B35B3D00D13ABF /* SearchRequest.swift */,
				2C004ADC26B35B4700D13ABF /* SearchResponse.swift */,
			);
			path = API_Search;
			sourceTree = "<group>";
		};
		2C004AE626B36EB400D13ABF /* API_Setting */ = {
			isa = PBXGroup;
			children = (
				2C004AE726B36EDF00D13ABF /* GetUserInfoRequest.swift */,
				2C004AE926B36EEA00D13ABF /* GetUserInfoResponse.swift */,
				2C5D39C826BE2D300046CD32 /* ChangeProfileImageRequest.swift */,
				2C5D39CA26BE2D3F0046CD32 /* ChangeProfileImageResponse.swift */,
				2C5D39CC26BE30790046CD32 /* ChangeUserNicknameRequest.swift */,
				2C5D39CE26BE30890046CD32 /* ChangeUserNicknameResponse.swift */,
			);
			path = API_Setting;
			sourceTree = "<group>";
		};
		2C004AEF26B381A200D13ABF /* API_InArticle */ = {
			isa = PBXGroup;
			children = (
				2C004AF026B381FD00D13ABF /* AddArticleCountRequest.swift */,
				2C004AF226B3820A00D13ABF /* AddArticleCountResponse.swift */,
				2C004AF826B385F700D13ABF /* DeleteArticleRequest.swift */,
				2C004AFA26B3860100D13ABF /* DeleteArticleResponse.swift */,
				2C004AFC26B3886A00D13ABF /* BanArticleRequest.swift */,
				2C004AFE26B3887500D13ABF /* BanArticleResponse.swift */,
				2C004B0026B38C8200D13ABF /* GetCommentRequest.swift */,
				2C004B0226B38C9000D13ABF /* GetCommentResponse.swift */,
				2C004B0426B3927A00D13ABF /* PostCommentRequest.swift */,
				2C004B0626B3928500D13ABF /* PostCommentResponse.swift */,
				2C35B9AB26B4396B0032CDA1 /* ExistsArticleRequest.swift */,
				2C35B9AD26B439760032CDA1 /* ExistsArticleResponse.swift */,
			);
			path = API_InArticle;
			sourceTree = "<group>";
		};
		2C22FAF226B158C9003AB22A /* Search */ = {
			isa = PBXGroup;
			children = (
				2CFDA9C4269E0DE000612EDB /* SearchViewController.swift */,
				2C004ADE26B35BDA00D13ABF /* SearchDataManager.swift */,
				2C004AE026B35BEC00D13ABF /* SearchContract.swift */,
				2CF5793B26ADB26E007DBC9C /* SearchTableViewCell.swift */,
				2CF5793C26ADB26E007DBC9C /* SearchTableViewCell.xib */,
			);
			path = Search;
			sourceTree = "<group>";
		};
		2C22FAF326B158EB003AB22A /* Setting */ = {
			isa = PBXGroup;
			children = (
				2CFDA9C6269E0DEC00612EDB /* SettingViewController.swift */,
				2C004AE226B36E8300D13ABF /* SettingDataManager.swift */,
				2C004AE426B36E9100D13ABF /* SettingContract.swift */,
				2C5D39D026BE38BE0046CD32 /* ChangeNicknameViewController.swift */,
			);
			path = Setting;
			sourceTree = "<group>";
		};
		2C22FAF626B1596D003AB22A /* ShowDetailPost_Comment */ = {
			isa = PBXGroup;
			children = (
				2CF5793F26ADDCF4007DBC9C /* DetailPostViewController.swift */,
				2C004AF426B382AC00D13ABF /* DetailPostViewDataManager.swift */,
				2C004AF626B382B900D13ABF /* DetailPostViewContract.swift */,
				2CEC875926AF24280073251C /* MainCommentsTableViewCell.swift */,
				2CEC875A26AF24280073251C /* MainCommentsTableViewCell.xib */,
				2CEC875526AF241A0073251C /* MainPostTableViewCell.swift */,
				2CEC875626AF241A0073251C /* MainPostTableViewCell.xib */,
				2CEC875326AF0E8D0073251C /* BanPopUPViewController.swift */,
			);
			path = ShowDetailPost_Comment;
			sourceTree = "<group>";
		};
		2C29872A268B5D5D005EEA64 = {
			isa = PBXGroup;
			children = (
				2C298735268B5D5D005EEA64 /* TeamSB */,
				2C298734268B5D5D005EEA64 /* Products */,
				1A7BCCE39600D469666E716B /* Pods */,
				EEA48EEF8F2BEE156A10024F /* Frameworks */,
			);
			sourceTree = "<group>";
		};
		2C298734268B5D5D005EEA64 /* Products */ = {
			isa = PBXGroup;
			children = (
				2C298733268B5D5D005EEA64 /* TeamSB.app */,
			);
			name = Products;
			sourceTree = "<group>";
		};
		2C298735268B5D5D005EEA64 /* TeamSB */ = {
			isa = PBXGroup;
			children = (
				2C004A5326B2F23500D13ABF /* Extension */,
				2C1D65BD26B0AD4D00F1B565 /* TeamSB.entitlements */,
				2C5D018C268DF80900CC6DD4 /* AppColor */,
				2C2C4133269A2F8300DB54B5 /* BaseDelegate */,
				2C5D0190268E209300CC6DD4 /* View_StoryBoard */,
				2C2C412E269A2E7100DB54B5 /* API */,
				2C5D0191268E209B00CC6DD4 /* Controller */,
				2C004A4726B2E50100D13ABF /* DataManager */,
				2C29873F268B5D5E005EEA64 /* Assets.xcassets */,
				2C298741268B5D5E005EEA64 /* LaunchScreen.storyboard */,
				2C298744268B5D5E005EEA64 /* Info.plist */,
			);
			path = TeamSB;
			sourceTree = "<group>";
		};
		2C2C412E269A2E7100DB54B5 /* API */ = {
			isa = PBXGroup;
			children = (
				2C004A4E26B2E5DE00D13ABF /* ConstantURL.swift */,
				2C004A5026B2E88F00D13ABF /* API_Login */,
				2C004A6426B30D5300D13ABF /* API_Home */,
				2C004A7926B32CE300D13ABF /* API_Post */,
				2C004AD026B3505E00D13ABF /* API_Write */,
				2C004AD926B35AFE00D13ABF /* API_Search */,
				2C004AE626B36EB400D13ABF /* API_Setting */,
				2C004AEF26B381A200D13ABF /* API_InArticle */,
			);
			path = API;
			sourceTree = "<group>";
		};
		2C2C4133269A2F8300DB54B5 /* BaseDelegate */ = {
			isa = PBXGroup;
			children = (
				2C298736268B5D5D005EEA64 /* AppDelegate.swift */,
				2C298738268B5D5D005EEA64 /* SceneDelegate.swift */,
				2CF11B2B26BDA58600477921 /* GoogleService-Info.plist */,
			);
			path = BaseDelegate;
			sourceTree = "<group>";
		};
		2C5D018C268DF80900CC6DD4 /* AppColor */ = {
			isa = PBXGroup;
			children = (
				2C5D018D268DF81D00CC6DD4 /* SBColor.swift */,
			);
			path = AppColor;
			sourceTree = "<group>";
		};
		2C5D0190268E209300CC6DD4 /* View_StoryBoard */ = {
			isa = PBXGroup;
			children = (
				2C5D01A9268E4B7F00CC6DD4 /* Login.storyboard */,
				2C29873C268B5D5D005EEA64 /* Home.storyboard */,
				2C22FAF726B159FC003AB22A /* Post.storyboard */,
				2C22FAF926B15A8A003AB22A /* In_Post.storyboard */,
			);
			path = View_StoryBoard;
			sourceTree = "<group>";
		};
		2C5D0191268E209B00CC6DD4 /* Controller */ = {
			isa = PBXGroup;
			children = (
				2C5D01A0268E3ECA00CC6DD4 /* MainTabBarController.swift */,
				2C5E99882690E74300E3504A /* Login */,
				2C5E99892690E76500E3504A /* Main */,
				2C004A7226B32BF900D13ABF /* Post */,
				2C004ACF26B3504200D13ABF /* Write */,
				2C22FAF226B158C9003AB22A /* Search */,
				2C22FAF326B158EB003AB22A /* Setting */,
				2C22FAF626B1596D003AB22A /* ShowDetailPost_Comment */,
			);
			path = Controller;
			sourceTree = "<group>";
		};
		2C5E99882690E74300E3504A /* Login */ = {
			isa = PBXGroup;
			children = (
				2C5D0192268E20E000CC6DD4 /* LoginViewController.swift */,
				2C004A4C26B2E5BB00D13ABF /* LoginDataManager.swift */,
				2C004A5126B2E9B000D13ABF /* LoginContract.swift */,
				2C5D0194268E20EC00CC6DD4 /* NickNameViewController.swift */,
				2C004A5C26B2FE4900D13ABF /* NicknameDataManager.swift */,
				2C004A5E26B2FF5D00D13ABF /* NicknameConstract.swift */,
			);
			path = Login;
			sourceTree = "<group>";
		};
		2C5E99892690E76500E3504A /* Main */ = {
			isa = PBXGroup;
			children = (
				2C5E998A2690E77700E3504A /* Home */,
				2C5E998B2690E86D00E3504A /* Calendar */,
				2C5E998C2690E88100E3504A /* Notice */,
			);
			path = Main;
			sourceTree = "<group>";
		};
		2C5E998A2690E77700E3504A /* Home */ = {
			isa = PBXGroup;
			children = (
				2CFDA9BE269DEFD300612EDB /* MainBaseViewController.swift */,
				2C004A6C26B30E9D00D13ABF /* MainDataManager.swift */,
				2C004A6A26B30E9100D13ABF /* MainContract.swift */,
				2C004A6926B30E4F00D13ABF /* HomeTableViewCell */,
			);
			path = Home;
			sourceTree = "<group>";
		};
		2C5E998B2690E86D00E3504A /* Calendar */ = {
			isa = PBXGroup;
			children = (
				2C5E998F2690E8A500E3504A /* CalendarViewController.swift */,
				2C004AEB26B3771100D13ABF /* CalendarDataManager.swift */,
				2C004AED26B3772100D13ABF /* CalendarContract.swift */,
				2C26E64226AC82860086A795 /* MenuTableViewCell.swift */,
				2C26E64326AC82860086A795 /* MenuTableViewCell.xib */,
			);
			path = Calendar;
			sourceTree = "<group>";
		};
		2C5E998C2690E88100E3504A /* Notice */ = {
			isa = PBXGroup;
			children = (
				2C5D019E268E39ED00CC6DD4 /* NoticeViewController.swift */,
			);
			path = Notice;
			sourceTree = "<group>";
		};
		EEA48EEF8F2BEE156A10024F /* Frameworks */ = {
			isa = PBXGroup;
			children = (
				96815A5CEC0BB20119CD98C4 /* Pods_TeamSB.framework */,
			);
			name = Frameworks;
			sourceTree = "<group>";
		};
/* End PBXGroup section */

/* Begin PBXNativeTarget section */
		2C298732268B5D5D005EEA64 /* TeamSB */ = {
			isa = PBXNativeTarget;
			buildConfigurationList = 2C298747268B5D5E005EEA64 /* Build configuration list for PBXNativeTarget "TeamSB" */;
			buildPhases = (
				AD3AF59A3A88B3A60070F3E3 /* [CP] Check Pods Manifest.lock */,
				2C29872F268B5D5D005EEA64 /* Sources */,
				2C298730268B5D5D005EEA64 /* Frameworks */,
				2C298731268B5D5D005EEA64 /* Resources */,
				77D6242A32D01F2BFF979C33 /* [CP] Embed Pods Frameworks */,
			);
			buildRules = (
			);
			dependencies = (
			);
			name = TeamSB;
			productName = TeamSB;
			productReference = 2C298733268B5D5D005EEA64 /* TeamSB.app */;
			productType = "com.apple.product-type.application";
		};
/* End PBXNativeTarget section */

/* Begin PBXProject section */
		2C29872B268B5D5D005EEA64 /* Project object */ = {
			isa = PBXProject;
			attributes = {
				LastSwiftUpdateCheck = 1250;
				LastUpgradeCheck = 1250;
				TargetAttributes = {
					2C298732268B5D5D005EEA64 = {
						CreatedOnToolsVersion = 12.5.1;
					};
				};
			};
			buildConfigurationList = 2C29872E268B5D5D005EEA64 /* Build configuration list for PBXProject "TeamSB" */;
			compatibilityVersion = "Xcode 9.3";
			developmentRegion = en;
			hasScannedForEncodings = 0;
			knownRegions = (
				en,
				Base,
			);
			mainGroup = 2C29872A268B5D5D005EEA64;
			productRefGroup = 2C298734268B5D5D005EEA64 /* Products */;
			projectDirPath = "";
			projectRoot = "";
			targets = (
				2C298732268B5D5D005EEA64 /* TeamSB */,
			);
		};
/* End PBXProject section */

/* Begin PBXResourcesBuildPhase section */
		2C298731268B5D5D005EEA64 /* Resources */ = {
			isa = PBXResourcesBuildPhase;
			buildActionMask = 2147483647;
			files = (
				2C5D01AA268E4B7F00CC6DD4 /* Login.storyboard in Resources */,
				2CFDA9BD269DEA4100612EDB /* NowTimeMenuTableViewCell.xib in Resources */,
				2C004ACA26B34E6000D13ABF /* LaundryTableViewCell.xib in Resources */,
				2CEC875826AF241A0073251C /* MainPostTableViewCell.xib in Resources */,
				2C22FAFA26B15A8A003AB22A /* In_Post.storyboard in Resources */,
				2CFDA9B9269DEA3100612EDB /* RecentPostViewTableViewCell.xib in Resources */,
				2C004AAD26B34E4800D13ABF /* DeleveryTableViewCell.xib in Resources */,
				2C004AC126B34E5A00D13ABF /* ParcelTableViewCell.xib in Resources */,
				2CF5791E26AD59C9007DBC9C /* TagCollectionViewCell.xib in Resources */,
				2C298743268B5D5E005EEA64 /* LaunchScreen.storyboard in Resources */,
				2C5D39C326BE122A0046CD32 /* AutoScrollNoticeTableViewCell.xib in Resources */,
				2CFDA9B1269DE9F800612EDB /* SearchButtonTableViewCell.xib in Resources */,
				2C22FAF826B159FC003AB22A /* Post.storyboard in Resources */,
				2C298740268B5D5E005EEA64 /* Assets.xcassets in Resources */,
				2C004AB826B34E5400D13ABF /* TaxiTableViewCell.xib in Resources */,
				2C29873E268B5D5D005EEA64 /* Home.storyboard in Resources */,
				2C5D39C726BE128F0046CD32 /* AutoScrollNoticeCollectionViewCell.xib in Resources */,
				2CFDA9C3269DF42600612EDB /* RecentPostContentsTableViewCell.xib in Resources */,
				2CF11B2C26BDA58600477921 /* GoogleService-Info.plist in Resources */,
				2CF5793E26ADB26E007DBC9C /* SearchTableViewCell.xib in Resources */,
				2CEC875C26AF24280073251C /* MainCommentsTableViewCell.xib in Resources */,
				2C26E64526AC82860086A795 /* MenuTableViewCell.xib in Resources */,
				2C004AA126B34E3500D13ABF /* AllPostTableViewCell.xib in Resources */,
				2CFDA9B5269DEA1400612EDB /* CategoryButtonTableViewCell.xib in Resources */,
			);
			runOnlyForDeploymentPostprocessing = 0;
		};
/* End PBXResourcesBuildPhase section */

/* Begin PBXShellScriptBuildPhase section */
		77D6242A32D01F2BFF979C33 /* [CP] Embed Pods Frameworks */ = {
			isa = PBXShellScriptBuildPhase;
			buildActionMask = 2147483647;
			files = (
			);
			inputFileListPaths = (
				"${PODS_ROOT}/Target Support Files/Pods-TeamSB/Pods-TeamSB-frameworks-${CONFIGURATION}-input-files.xcfilelist",
			);
			name = "[CP] Embed Pods Frameworks";
			outputFileListPaths = (
				"${PODS_ROOT}/Target Support Files/Pods-TeamSB/Pods-TeamSB-frameworks-${CONFIGURATION}-output-files.xcfilelist",
			);
			runOnlyForDeploymentPostprocessing = 0;
			shellPath = /bin/sh;
			shellScript = "\"${PODS_ROOT}/Target Support Files/Pods-TeamSB/Pods-TeamSB-frameworks.sh\"\n";
			showEnvVarsInLog = 0;
		};
		AD3AF59A3A88B3A60070F3E3 /* [CP] Check Pods Manifest.lock */ = {
			isa = PBXShellScriptBuildPhase;
			buildActionMask = 2147483647;
			files = (
			);
			inputFileListPaths = (
			);
			inputPaths = (
				"${PODS_PODFILE_DIR_PATH}/Podfile.lock",
				"${PODS_ROOT}/Manifest.lock",
			);
			name = "[CP] Check Pods Manifest.lock";
			outputFileListPaths = (
			);
			outputPaths = (
				"$(DERIVED_FILE_DIR)/Pods-TeamSB-checkManifestLockResult.txt",
			);
			runOnlyForDeploymentPostprocessing = 0;
			shellPath = /bin/sh;
			shellScript = "diff \"${PODS_PODFILE_DIR_PATH}/Podfile.lock\" \"${PODS_ROOT}/Manifest.lock\" > /dev/null\nif [ $? != 0 ] ; then\n    # print error to STDERR\n    echo \"error: The sandbox is not in sync with the Podfile.lock. Run 'pod install' or update your CocoaPods installation.\" >&2\n    exit 1\nfi\n# This output is used by Xcode 'outputs' to avoid re-running this script phase.\necho \"SUCCESS\" > \"${SCRIPT_OUTPUT_FILE_0}\"\n";
			showEnvVarsInLog = 0;
		};
/* End PBXShellScriptBuildPhase section */

/* Begin PBXSourcesBuildPhase section */
		2C29872F268B5D5D005EEA64 /* Sources */ = {
			isa = PBXSourcesBuildPhase;
			buildActionMask = 2147483647;
			files = (
				2C004ABF26B34E5A00D13ABF /* ParcelTableViewCell.swift in Sources */,
				2C004A6B26B30E9100D13ABF /* MainContract.swift in Sources */,
				2C004A6126B302C200D13ABF /* NicknameSetRequest.swift in Sources */,
				2CFDA9C9269E0DF800612EDB /* WriteViewController.swift in Sources */,
				2C004AC326B34E5A00D13ABF /* ParcelContract.swift in Sources */,
				2C004AFD26B3886A00D13ABF /* BanArticleRequest.swift in Sources */,
				2C004A9F26B34E3500D13ABF /* AllPostContract.swift in Sources */,
				2CFDA9C2269DF42600612EDB /* RecentPostContentsTableViewCell.swift in Sources */,
				2C004AD826B3517300D13ABF /* WriteContract.swift in Sources */,
				2C004AF926B385F700D13ABF /* DeleteArticleRequest.swift in Sources */,
				2C004AA926B34E4800D13ABF /* DeleveryDataManager.swift in Sources */,
				2C004A5726B2F43200D13ABF /* String.swift in Sources */,
				2C004A4B26B2E58300D13ABF /* LoginResponse.swift in Sources */,
				2C004A6626B30D9D00D13ABF /* GetUserNicknameRequest.swift in Sources */,
				2C004A9326B345C100D13ABF /* LaundryResponse.swift in Sources */,
				2C5E99902690E8A500E3504A /* CalendarViewController.swift in Sources */,
				2C5D01A1268E3ECA00CC6DD4 /* MainTabBarController.swift in Sources */,
				2C004AB626B34E5400D13ABF /* TaxiTableViewCell.swift in Sources */,
				2CFDA9C7269E0DEC00612EDB /* SettingViewController.swift in Sources */,
				2C004AEE26B3772100D13ABF /* CalendarContract.swift in Sources */,
				2C5D0195268E20EC00CC6DD4 /* NickNameViewController.swift in Sources */,
				2C004AFF26B3887500D13ABF /* BanArticleResponse.swift in Sources */,
				2C004AFB26B3860100D13ABF /* DeleteArticleResponse.swift in Sources */,
				2C004AA026B34E3500D13ABF /* AllPostTableViewCell.swift in Sources */,
				2C004AE126B35BEC00D13ABF /* SearchContract.swift in Sources */,
				2C004AB526B34E5400D13ABF /* TaxiDataManager.swift in Sources */,
				2CFDA9BF269DEFD300612EDB /* MainBaseViewController.swift in Sources */,
				2C004A5B26B2FD3700D13ABF /* NicknameCheckResponse.swift in Sources */,
				2C5D39C226BE122A0046CD32 /* AutoScrollNoticeTableViewCell.swift in Sources */,
				2C004A8B26B33D8200D13ABF /* ParcelResponse.swift in Sources */,
				2C004AF726B382B900D13ABF /* DetailPostViewContract.swift in Sources */,
				2C004B0726B3928500D13ABF /* PostCommentResponse.swift in Sources */,
				2C004A6326B302F600D13ABF /* NicknameSetResponse.swift in Sources */,
				2C004A6F26B3137300D13ABF /* MenuResponse.swift in Sources */,
				2C004ACD26B34E6000D13ABF /* LaundryTableViewCell.swift in Sources */,
				2C004A5D26B2FE4900D13ABF /* NicknameDataManager.swift in Sources */,
				2C004AB426B34E5400D13ABF /* TaxiContract.swift in Sources */,
				2C004A5F26B2FF5D00D13ABF /* NicknameConstract.swift in Sources */,
				2C004AC026B34E5A00D13ABF /* ParcelDataManager.swift in Sources */,
				2C004ADF26B35BDA00D13ABF /* SearchDataManager.swift in Sources */,
				2C004B0126B38C8200D13ABF /* GetCommentRequest.swift in Sources */,
				2C004AAB26B34E4800D13ABF /* DeleveryViewController.swift in Sources */,
				2C004AF126B381FD00D13ABF /* AddArticleCountRequest.swift in Sources */,
				2C004A7B26B32D6400D13ABF /* AllPostResponse.swift in Sources */,
				2C004ACE26B34E6000D13ABF /* LaundryDataManager.swift in Sources */,
				2C5D0193268E20E000CC6DD4 /* LoginViewController.swift in Sources */,
				2C004AD226B3508E00D13ABF /* WriteArticleRequest.swift in Sources */,
				2C5D39D126BE38BE0046CD32 /* ChangeNicknameViewController.swift in Sources */,
				2C35B9AC26B4396B0032CDA1 /* ExistsArticleRequest.swift in Sources */,
				2CFDA9B8269DEA3100612EDB /* RecentPostViewTableViewCell.swift in Sources */,
				2CEC875426AF0E8D0073251C /* BanPopUPViewController.swift in Sources */,
				2C004AF326B3820A00D13ABF /* AddArticleCountResponse.swift in Sources */,
				2C004ACC26B34E6000D13ABF /* LaundryContract.swift in Sources */,
				2C004ACB26B34E6000D13ABF /* LaundryViewController.swift in Sources */,
				2C5D39C926BE2D300046CD32 /* ChangeProfileImageRequest.swift in Sources */,
				2C004AA226B34E3500D13ABF /* AllPostViewController.swift in Sources */,
				2C004AF526B382AC00D13ABF /* DetailPostViewDataManager.swift in Sources */,
				2CF5794026ADDCF4007DBC9C /* DetailPostViewController.swift in Sources */,
				2C004A5926B2FD3000D13ABF /* NicknameCheckRequest.swift in Sources */,
				2C004AE326B36E8300D13ABF /* SettingDataManager.swift in Sources */,
				2C5D39C626BE128F0046CD32 /* AutoScrollNoticeCollectionViewCell.swift in Sources */,
				2C004A8126B3375800D13ABF /* DeleveryResponse.swift in Sources */,
				2C004AEA26B36EEA00D13ABF /* GetUserInfoResponse.swift in Sources */,
				2C004AAC26B34E4800D13ABF /* DeleveryContract.swift in Sources */,
				2C004ADD26B35B4700D13ABF /* SearchResponse.swift in Sources */,
				2C004A8D26B3428200D13ABF /* TaxiResponse.swift in Sources */,
				2C004A5526B2F24500D13ABF /* UIViewController.swift in Sources */,
				2C004B0326B38C9000D13ABF /* GetCommentResponse.swift in Sources */,
				2C004AEC26B3771100D13ABF /* CalendarDataManager.swift in Sources */,
				2C5D39CD26BE30790046CD32 /* ChangeUserNicknameRequest.swift in Sources */,
				2C26E64426AC82860086A795 /* MenuTableViewCell.swift in Sources */,
				2CEC875726AF241A0073251C /* MainPostTableViewCell.swift in Sources */,
				2C004A6826B30DA600D13ABF /* GetUserNicknameResponse.swift in Sources */,
				2C004ADB26B35B3D00D13ABF /* SearchRequest.swift in Sources */,
				2C004AAA26B34E4800D13ABF /* DeleveryTableViewCell.swift in Sources */,
				2C5D018E268DF81D00CC6DD4 /* SBColor.swift in Sources */,
				2C004AE826B36EDF00D13ABF /* GetUserInfoRequest.swift in Sources */,
				2CFDA9BC269DEA4100612EDB /* NowTimeMenuTableViewCell.swift in Sources */,
				2C35B9AE26B439760032CDA1 /* ExistsArticleResponse.swift in Sources */,
				2C004AC226B34E5A00D13ABF /* ParcelViewController.swift in Sources */,
				2CF5791D26AD59C9007DBC9C /* TagCollectionViewCell.swift in Sources */,
				2C004A4F26B2E5DE00D13ABF /* ConstantURL.swift in Sources */,
				2C5D39CB26BE2D3F0046CD32 /* ChangeProfileImageResponse.swift in Sources */,
				2CFDA9B0269DE9F800612EDB /* SearchButtonTableViewCell.swift in Sources */,
				2CEC875B26AF24280073251C /* MainCommentsTableViewCell.swift in Sources */,
				2C004A7126B3209200D13ABF /* RecentPostResponse.swift in Sources */,
				2C004AB726B34E5400D13ABF /* TaxiViewController.swift in Sources */,
				2CFDA9C5269E0DE000612EDB /* SearchViewController.swift in Sources */,
				2C004AD426B3509B00D13ABF /* WriteArticleResponse.swift in Sources */,
				2C004AD626B3516900D13ABF /* WriteDataManager.swift in Sources */,
				2C004A6D26B30E9D00D13ABF /* MainDataManager.swift in Sources */,
				2C004A5226B2E9B000D13ABF /* LoginContract.swift in Sources */,
				2CFDA9B4269DEA1400612EDB /* CategoryButtonTableViewCell.swift in Sources */,
				2CF5793D26ADB26E007DBC9C /* SearchTableViewCell.swift in Sources */,
				2C298737268B5D5D005EEA64 /* AppDelegate.swift in Sources */,
				2C5D39CF26BE30890046CD32 /* ChangeUserNicknameResponse.swift in Sources */,
				2C004B0526B3927A00D13ABF /* PostCommentRequest.swift in Sources */,
				2C004AE526B36E9100D13ABF /* SettingContract.swift in Sources */,
				2C004A4D26B2E5BB00D13ABF /* LoginDataManager.swift in Sources */,
				2C004A4926B2E55800D13ABF /* LoginRequest.swift in Sources */,
				2C004A9E26B34E3500D13ABF /* AllPostDataManager.swift in Sources */,
				2C5D019F268E39ED00CC6DD4 /* NoticeViewController.swift in Sources */,
				2C298739268B5D5D005EEA64 /* SceneDelegate.swift in Sources */,
			);
			runOnlyForDeploymentPostprocessing = 0;
		};
/* End PBXSourcesBuildPhase section */

/* Begin PBXVariantGroup section */
		2C29873C268B5D5D005EEA64 /* Home.storyboard */ = {
			isa = PBXVariantGroup;
			children = (
				2C29873D268B5D5D005EEA64 /* Base */,
			);
			name = Home.storyboard;
			sourceTree = "<group>";
		};
		2C298741268B5D5E005EEA64 /* LaunchScreen.storyboard */ = {
			isa = PBXVariantGroup;
			children = (
				2C298742268B5D5E005EEA64 /* Base */,
			);
			name = LaunchScreen.storyboard;
			sourceTree = "<group>";
		};
/* End PBXVariantGroup section */

/* Begin XCBuildConfiguration section */
		2C298745268B5D5E005EEA64 /* Debug */ = {
			isa = XCBuildConfiguration;
			buildSettings = {
				ALWAYS_SEARCH_USER_PATHS = NO;
				CLANG_ANALYZER_NONNULL = YES;
				CLANG_ANALYZER_NUMBER_OBJECT_CONVERSION = YES_AGGRESSIVE;
				CLANG_CXX_LANGUAGE_STANDARD = "gnu++14";
				CLANG_CXX_LIBRARY = "libc++";
				CLANG_ENABLE_MODULES = YES;
				CLANG_ENABLE_OBJC_ARC = YES;
				CLANG_ENABLE_OBJC_WEAK = YES;
				CLANG_WARN_BLOCK_CAPTURE_AUTORELEASING = YES;
				CLANG_WARN_BOOL_CONVERSION = YES;
				CLANG_WARN_COMMA = YES;
				CLANG_WARN_CONSTANT_CONVERSION = YES;
				CLANG_WARN_DEPRECATED_OBJC_IMPLEMENTATIONS = YES;
				CLANG_WARN_DIRECT_OBJC_ISA_USAGE = YES_ERROR;
				CLANG_WARN_DOCUMENTATION_COMMENTS = YES;
				CLANG_WARN_EMPTY_BODY = YES;
				CLANG_WARN_ENUM_CONVERSION = YES;
				CLANG_WARN_INFINITE_RECURSION = YES;
				CLANG_WARN_INT_CONVERSION = YES;
				CLANG_WARN_NON_LITERAL_NULL_CONVERSION = YES;
				CLANG_WARN_OBJC_IMPLICIT_RETAIN_SELF = YES;
				CLANG_WARN_OBJC_LITERAL_CONVERSION = YES;
				CLANG_WARN_OBJC_ROOT_CLASS = YES_ERROR;
				CLANG_WARN_QUOTED_INCLUDE_IN_FRAMEWORK_HEADER = YES;
				CLANG_WARN_RANGE_LOOP_ANALYSIS = YES;
				CLANG_WARN_STRICT_PROTOTYPES = YES;
				CLANG_WARN_SUSPICIOUS_MOVE = YES;
				CLANG_WARN_UNGUARDED_AVAILABILITY = YES_AGGRESSIVE;
				CLANG_WARN_UNREACHABLE_CODE = YES;
				CLANG_WARN__DUPLICATE_METHOD_MATCH = YES;
				COPY_PHASE_STRIP = NO;
				DEBUG_INFORMATION_FORMAT = dwarf;
				ENABLE_STRICT_OBJC_MSGSEND = YES;
				ENABLE_TESTABILITY = YES;
				GCC_C_LANGUAGE_STANDARD = gnu11;
				GCC_DYNAMIC_NO_PIC = NO;
				GCC_NO_COMMON_BLOCKS = YES;
				GCC_OPTIMIZATION_LEVEL = 0;
				GCC_PREPROCESSOR_DEFINITIONS = (
					"DEBUG=1",
					"$(inherited)",
				);
				GCC_WARN_64_TO_32_BIT_CONVERSION = YES;
				GCC_WARN_ABOUT_RETURN_TYPE = YES_ERROR;
				GCC_WARN_UNDECLARED_SELECTOR = YES;
				GCC_WARN_UNINITIALIZED_AUTOS = YES_AGGRESSIVE;
				GCC_WARN_UNUSED_FUNCTION = YES;
				GCC_WARN_UNUSED_VARIABLE = YES;
				IPHONEOS_DEPLOYMENT_TARGET = 14.5;
				MTL_ENABLE_DEBUG_INFO = INCLUDE_SOURCE;
				MTL_FAST_MATH = YES;
				ONLY_ACTIVE_ARCH = YES;
				SDKROOT = iphoneos;
				SWIFT_ACTIVE_COMPILATION_CONDITIONS = DEBUG;
				SWIFT_OPTIMIZATION_LEVEL = "-Onone";
			};
			name = Debug;
		};
		2C298746268B5D5E005EEA64 /* Release */ = {
			isa = XCBuildConfiguration;
			buildSettings = {
				ALWAYS_SEARCH_USER_PATHS = NO;
				CLANG_ANALYZER_NONNULL = YES;
				CLANG_ANALYZER_NUMBER_OBJECT_CONVERSION = YES_AGGRESSIVE;
				CLANG_CXX_LANGUAGE_STANDARD = "gnu++14";
				CLANG_CXX_LIBRARY = "libc++";
				CLANG_ENABLE_MODULES = YES;
				CLANG_ENABLE_OBJC_ARC = YES;
				CLANG_ENABLE_OBJC_WEAK = YES;
				CLANG_WARN_BLOCK_CAPTURE_AUTORELEASING = YES;
				CLANG_WARN_BOOL_CONVERSION = YES;
				CLANG_WARN_COMMA = YES;
				CLANG_WARN_CONSTANT_CONVERSION = YES;
				CLANG_WARN_DEPRECATED_OBJC_IMPLEMENTATIONS = YES;
				CLANG_WARN_DIRECT_OBJC_ISA_USAGE = YES_ERROR;
				CLANG_WARN_DOCUMENTATION_COMMENTS = YES;
				CLANG_WARN_EMPTY_BODY = YES;
				CLANG_WARN_ENUM_CONVERSION = YES;
				CLANG_WARN_INFINITE_RECURSION = YES;
				CLANG_WARN_INT_CONVERSION = YES;
				CLANG_WARN_NON_LITERAL_NULL_CONVERSION = YES;
				CLANG_WARN_OBJC_IMPLICIT_RETAIN_SELF = YES;
				CLANG_WARN_OBJC_LITERAL_CONVERSION = YES;
				CLANG_WARN_OBJC_ROOT_CLASS = YES_ERROR;
				CLANG_WARN_QUOTED_INCLUDE_IN_FRAMEWORK_HEADER = YES;
				CLANG_WARN_RANGE_LOOP_ANALYSIS = YES;
				CLANG_WARN_STRICT_PROTOTYPES = YES;
				CLANG_WARN_SUSPICIOUS_MOVE = YES;
				CLANG_WARN_UNGUARDED_AVAILABILITY = YES_AGGRESSIVE;
				CLANG_WARN_UNREACHABLE_CODE = YES;
				CLANG_WARN__DUPLICATE_METHOD_MATCH = YES;
				COPY_PHASE_STRIP = NO;
				DEBUG_INFORMATION_FORMAT = "dwarf-with-dsym";
				ENABLE_NS_ASSERTIONS = NO;
				ENABLE_STRICT_OBJC_MSGSEND = YES;
				GCC_C_LANGUAGE_STANDARD = gnu11;
				GCC_NO_COMMON_BLOCKS = YES;
				GCC_WARN_64_TO_32_BIT_CONVERSION = YES;
				GCC_WARN_ABOUT_RETURN_TYPE = YES_ERROR;
				GCC_WARN_UNDECLARED_SELECTOR = YES;
				GCC_WARN_UNINITIALIZED_AUTOS = YES_AGGRESSIVE;
				GCC_WARN_UNUSED_FUNCTION = YES;
				GCC_WARN_UNUSED_VARIABLE = YES;
				IPHONEOS_DEPLOYMENT_TARGET = 14.5;
				MTL_ENABLE_DEBUG_INFO = NO;
				MTL_FAST_MATH = YES;
				SDKROOT = iphoneos;
				SWIFT_COMPILATION_MODE = wholemodule;
				SWIFT_OPTIMIZATION_LEVEL = "-O";
				VALIDATE_PRODUCT = YES;
			};
			name = Release;
		};
		2C298748268B5D5E005EEA64 /* Debug */ = {
			isa = XCBuildConfiguration;
			baseConfigurationReference = 6B516DB41B53FEC91F198ADC /* Pods-TeamSB.debug.xcconfig */;
			buildSettings = {
				ASSETCATALOG_COMPILER_APPICON_NAME = AppIcon;
				ASSETCATALOG_COMPILER_GLOBAL_ACCENT_COLOR_NAME = AccentColor;
				CODE_SIGN_ENTITLEMENTS = TeamSB/TeamSB.entitlements;
				CODE_SIGN_IDENTITY = "Apple Development";
				CODE_SIGN_STYLE = Automatic;
				CURRENT_PROJECT_VERSION = 10;
				DEVELOPMENT_TEAM = VKGAQDGK5R;
				INFOPLIST_FILE = TeamSB/Info.plist;
				LD_RUNPATH_SEARCH_PATHS = (
					"$(inherited)",
					"@executable_path/Frameworks",
				);
				MARKETING_VERSION = 1.0.0;
				PRODUCT_BUNDLE_IDENTIFIER = com.boni.dormitory;
				PRODUCT_NAME = "$(TARGET_NAME)";
				PROVISIONING_PROFILE_SPECIFIER = "";
				SWIFT_VERSION = 5.0;
				TARGETED_DEVICE_FAMILY = 1;
			};
			name = Debug;
		};
		2C298749268B5D5E005EEA64 /* Release */ = {
			isa = XCBuildConfiguration;
			baseConfigurationReference = 7ECE9431B7DFD774352D584E /* Pods-TeamSB.release.xcconfig */;
			buildSettings = {
				ASSETCATALOG_COMPILER_APPICON_NAME = AppIcon;
				ASSETCATALOG_COMPILER_GLOBAL_ACCENT_COLOR_NAME = AccentColor;
				CODE_SIGN_ENTITLEMENTS = TeamSB/TeamSB.entitlements;
				CODE_SIGN_IDENTITY = "Apple Development";
				CODE_SIGN_STYLE = Automatic;
				CURRENT_PROJECT_VERSION = 10;
				DEVELOPMENT_TEAM = VKGAQDGK5R;
				INFOPLIST_FILE = TeamSB/Info.plist;
				LD_RUNPATH_SEARCH_PATHS = (
					"$(inherited)",
					"@executable_path/Frameworks",
				);
				MARKETING_VERSION = 1.0.0;
				PRODUCT_BUNDLE_IDENTIFIER = com.boni.dormitory;
				PRODUCT_NAME = "$(TARGET_NAME)";
				PROVISIONING_PROFILE_SPECIFIER = "";
				SWIFT_VERSION = 5.0;
				TARGETED_DEVICE_FAMILY = 1;
			};
			name = Release;
		};
/* End XCBuildConfiguration section */

/* Begin XCConfigurationList section */
		2C29872E268B5D5D005EEA64 /* Build configuration list for PBXProject "TeamSB" */ = {
			isa = XCConfigurationList;
			buildConfigurations = (
				2C298745268B5D5E005EEA64 /* Debug */,
				2C298746268B5D5E005EEA64 /* Release */,
			);
			defaultConfigurationIsVisible = 0;
			defaultConfigurationName = Release;
		};
		2C298747268B5D5E005EEA64 /* Build configuration list for PBXNativeTarget "TeamSB" */ = {
			isa = XCConfigurationList;
			buildConfigurations = (
				2C298748268B5D5E005EEA64 /* Debug */,
				2C298749268B5D5E005EEA64 /* Release */,
			);
			defaultConfigurationIsVisible = 0;
			defaultConfigurationName = Release;
		};
/* End XCConfigurationList section */
	};
	rootObject = 2C29872B268B5D5D005EEA64 /* Project object */;
}
