// !$*UTF8*$!
{
	archiveVersion = 1;
	classes = {
	};
	objectVersion = 51;
	objects = {

/* Begin PBXBuildFile section */
		2C298737268B5D5D005EEA64 /* AppDelegate.swift in Sources */ = {isa = PBXBuildFile; fileRef = 2C298736268B5D5D005EEA64 /* AppDelegate.swift */; };
		2C298739268B5D5D005EEA64 /* SceneDelegate.swift in Sources */ = {isa = PBXBuildFile; fileRef = 2C298738268B5D5D005EEA64 /* SceneDelegate.swift */; };
		2C29873E268B5D5D005EEA64 /* Home.storyboard in Resources */ = {isa = PBXBuildFile; fileRef = 2C29873C268B5D5D005EEA64 /* Home.storyboard */; };
		2C298740268B5D5E005EEA64 /* Assets.xcassets in Resources */ = {isa = PBXBuildFile; fileRef = 2C29873F268B5D5E005EEA64 /* Assets.xcassets */; };
		2C298743268B5D5E005EEA64 /* LaunchScreen.storyboard in Resources */ = {isa = PBXBuildFile; fileRef = 2C298741268B5D5E005EEA64 /* LaunchScreen.storyboard */; };
		2C2C4137269A2FE200DB54B5 /* URLConsts.swift in Sources */ = {isa = PBXBuildFile; fileRef = 2C2C4136269A2FE200DB54B5 /* URLConsts.swift */; };
		2C2C413B269A31B800DB54B5 /* UserService.swift in Sources */ = {isa = PBXBuildFile; fileRef = 2C2C413A269A31B800DB54B5 /* UserService.swift */; };
		2C2C413E269A333600DB54B5 /* LoginRequest.swift in Sources */ = {isa = PBXBuildFile; fileRef = 2C2C413D269A333600DB54B5 /* LoginRequest.swift */; };
		2C2C4140269A333E00DB54B5 /* LoginResponse.swift in Sources */ = {isa = PBXBuildFile; fileRef = 2C2C413F269A333E00DB54B5 /* LoginResponse.swift */; };
		2C2C4142269A345000DB54B5 /* BaseAlamofire.swift in Sources */ = {isa = PBXBuildFile; fileRef = 2C2C4141269A345000DB54B5 /* BaseAlamofire.swift */; };
		2C2C4144269A493B00DB54B5 /* BaseHTTPClient.swift in Sources */ = {isa = PBXBuildFile; fileRef = 2C2C4143269A493B00DB54B5 /* BaseHTTPClient.swift */; };
		2C5D018E268DF81D00CC6DD4 /* SBColor.swift in Sources */ = {isa = PBXBuildFile; fileRef = 2C5D018D268DF81D00CC6DD4 /* SBColor.swift */; };
		2C5D0193268E20E000CC6DD4 /* LoginViewController.swift in Sources */ = {isa = PBXBuildFile; fileRef = 2C5D0192268E20E000CC6DD4 /* LoginViewController.swift */; };
		2C5D0195268E20EC00CC6DD4 /* NickNameViewController.swift in Sources */ = {isa = PBXBuildFile; fileRef = 2C5D0194268E20EC00CC6DD4 /* NickNameViewController.swift */; };
		2C5D019F268E39ED00CC6DD4 /* NoticeViewController.swift in Sources */ = {isa = PBXBuildFile; fileRef = 2C5D019E268E39ED00CC6DD4 /* NoticeViewController.swift */; };
		2C5D01A1268E3ECA00CC6DD4 /* MainTabBarController.swift in Sources */ = {isa = PBXBuildFile; fileRef = 2C5D01A0268E3ECA00CC6DD4 /* MainTabBarController.swift */; };
		2C5D01AA268E4B7F00CC6DD4 /* Login.storyboard in Resources */ = {isa = PBXBuildFile; fileRef = 2C5D01A9268E4B7F00CC6DD4 /* Login.storyboard */; };
		2C5E99902690E8A500E3504A /* CalendarViewController.swift in Sources */ = {isa = PBXBuildFile; fileRef = 2C5E998F2690E8A500E3504A /* CalendarViewController.swift */; };
		2CFDA9B0269DE9F800612EDB /* SearchButtonTableViewCell.swift in Sources */ = {isa = PBXBuildFile; fileRef = 2CFDA9AE269DE9F800612EDB /* SearchButtonTableViewCell.swift */; };
		2CFDA9B1269DE9F800612EDB /* SearchButtonTableViewCell.xib in Resources */ = {isa = PBXBuildFile; fileRef = 2CFDA9AF269DE9F800612EDB /* SearchButtonTableViewCell.xib */; };
		2CFDA9B4269DEA1400612EDB /* CategoryButtonTableViewCell.swift in Sources */ = {isa = PBXBuildFile; fileRef = 2CFDA9B2269DEA1400612EDB /* CategoryButtonTableViewCell.swift */; };
		2CFDA9B5269DEA1400612EDB /* CategoryButtonTableViewCell.xib in Resources */ = {isa = PBXBuildFile; fileRef = 2CFDA9B3269DEA1400612EDB /* CategoryButtonTableViewCell.xib */; };
		2CFDA9B8269DEA3100612EDB /* RecentPostViewTableViewCell.swift in Sources */ = {isa = PBXBuildFile; fileRef = 2CFDA9B6269DEA3100612EDB /* RecentPostViewTableViewCell.swift */; };
		2CFDA9B9269DEA3100612EDB /* RecentPostViewTableViewCell.xib in Resources */ = {isa = PBXBuildFile; fileRef = 2CFDA9B7269DEA3100612EDB /* RecentPostViewTableViewCell.xib */; };
		2CFDA9BC269DEA4100612EDB /* NowTimeMenuTableViewCell.swift in Sources */ = {isa = PBXBuildFile; fileRef = 2CFDA9BA269DEA4100612EDB /* NowTimeMenuTableViewCell.swift */; };
		2CFDA9BD269DEA4100612EDB /* NowTimeMenuTableViewCell.xib in Resources */ = {isa = PBXBuildFile; fileRef = 2CFDA9BB269DEA4100612EDB /* NowTimeMenuTableViewCell.xib */; };
		2CFDA9BF269DEFD300612EDB /* MainBaseViewController.swift in Sources */ = {isa = PBXBuildFile; fileRef = 2CFDA9BE269DEFD300612EDB /* MainBaseViewController.swift */; };
		2CFDA9C2269DF42600612EDB /* RecentPostContentsTableViewCell.swift in Sources */ = {isa = PBXBuildFile; fileRef = 2CFDA9C0269DF42600612EDB /* RecentPostContentsTableViewCell.swift */; };
		2CFDA9C3269DF42600612EDB /* RecentPostContentsTableViewCell.xib in Resources */ = {isa = PBXBuildFile; fileRef = 2CFDA9C1269DF42600612EDB /* RecentPostContentsTableViewCell.xib */; };
		2CFDA9C5269E0DE000612EDB /* SearchViewController.swift in Sources */ = {isa = PBXBuildFile; fileRef = 2CFDA9C4269E0DE000612EDB /* SearchViewController.swift */; };
		2CFDA9C7269E0DEC00612EDB /* SettingViewController.swift in Sources */ = {isa = PBXBuildFile; fileRef = 2CFDA9C6269E0DEC00612EDB /* SettingViewController.swift */; };
		2CFDA9C9269E0DF800612EDB /* WriteViewController.swift in Sources */ = {isa = PBXBuildFile; fileRef = 2CFDA9C8269E0DF800612EDB /* WriteViewController.swift */; };
		2CFDA9CB269E0E0800612EDB /* CategoryViewController.swift in Sources */ = {isa = PBXBuildFile; fileRef = 2CFDA9CA269E0E0800612EDB /* CategoryViewController.swift */; };
		2CFDA9CD269E0E1200612EDB /* ShowMoreViewController.swift in Sources */ = {isa = PBXBuildFile; fileRef = 2CFDA9CC269E0E1200612EDB /* ShowMoreViewController.swift */; };
		2CFDA9CF269E15DA00612EDB /* DelevaryViewController.swift in Sources */ = {isa = PBXBuildFile; fileRef = 2CFDA9CE269E15DA00612EDB /* DelevaryViewController.swift */; };
		2CFDA9D1269E15E300612EDB /* PostViewController.swift in Sources */ = {isa = PBXBuildFile; fileRef = 2CFDA9D0269E15E300612EDB /* PostViewController.swift */; };
		2CFDA9D3269E15EA00612EDB /* TaxiViewController.swift in Sources */ = {isa = PBXBuildFile; fileRef = 2CFDA9D2269E15EA00612EDB /* TaxiViewController.swift */; };
		2CFDA9D5269E15F600612EDB /* LaundaryViewController.swift in Sources */ = {isa = PBXBuildFile; fileRef = 2CFDA9D4269E15F600612EDB /* LaundaryViewController.swift */; };
		CD77454F7846BED1AC167251 /* Pods_TeamSB.framework in Frameworks */ = {isa = PBXBuildFile; fileRef = 96815A5CEC0BB20119CD98C4 /* Pods_TeamSB.framework */; };
/* End PBXBuildFile section */

/* Begin PBXFileReference section */
		2C298733268B5D5D005EEA64 /* TeamSB.app */ = {isa = PBXFileReference; explicitFileType = wrapper.application; includeInIndex = 0; path = TeamSB.app; sourceTree = BUILT_PRODUCTS_DIR; };
		2C298736268B5D5D005EEA64 /* AppDelegate.swift */ = {isa = PBXFileReference; lastKnownFileType = sourcecode.swift; path = AppDelegate.swift; sourceTree = "<group>"; };
		2C298738268B5D5D005EEA64 /* SceneDelegate.swift */ = {isa = PBXFileReference; lastKnownFileType = sourcecode.swift; path = SceneDelegate.swift; sourceTree = "<group>"; };
		2C29873D268B5D5D005EEA64 /* Base */ = {isa = PBXFileReference; lastKnownFileType = file.storyboard; name = Base; path = Base.lproj/Home.storyboard; sourceTree = "<group>"; };
		2C29873F268B5D5E005EEA64 /* Assets.xcassets */ = {isa = PBXFileReference; lastKnownFileType = folder.assetcatalog; path = Assets.xcassets; sourceTree = "<group>"; };
		2C298742268B5D5E005EEA64 /* Base */ = {isa = PBXFileReference; lastKnownFileType = file.storyboard; name = Base; path = Base.lproj/LaunchScreen.storyboard; sourceTree = "<group>"; };
		2C298744268B5D5E005EEA64 /* Info.plist */ = {isa = PBXFileReference; lastKnownFileType = text.plist.xml; path = Info.plist; sourceTree = "<group>"; };
		2C2C4136269A2FE200DB54B5 /* URLConsts.swift */ = {isa = PBXFileReference; lastKnownFileType = sourcecode.swift; path = URLConsts.swift; sourceTree = "<group>"; };
		2C2C413A269A31B800DB54B5 /* UserService.swift */ = {isa = PBXFileReference; lastKnownFileType = sourcecode.swift; path = UserService.swift; sourceTree = "<group>"; };
		2C2C413D269A333600DB54B5 /* LoginRequest.swift */ = {isa = PBXFileReference; lastKnownFileType = sourcecode.swift; path = LoginRequest.swift; sourceTree = "<group>"; };
		2C2C413F269A333E00DB54B5 /* LoginResponse.swift */ = {isa = PBXFileReference; lastKnownFileType = sourcecode.swift; path = LoginResponse.swift; sourceTree = "<group>"; };
		2C2C4141269A345000DB54B5 /* BaseAlamofire.swift */ = {isa = PBXFileReference; lastKnownFileType = sourcecode.swift; path = BaseAlamofire.swift; sourceTree = "<group>"; };
		2C2C4143269A493B00DB54B5 /* BaseHTTPClient.swift */ = {isa = PBXFileReference; lastKnownFileType = sourcecode.swift; path = BaseHTTPClient.swift; sourceTree = "<group>"; };
		2C5D018D268DF81D00CC6DD4 /* SBColor.swift */ = {isa = PBXFileReference; lastKnownFileType = sourcecode.swift; path = SBColor.swift; sourceTree = "<group>"; };
		2C5D0192268E20E000CC6DD4 /* LoginViewController.swift */ = {isa = PBXFileReference; lastKnownFileType = sourcecode.swift; path = LoginViewController.swift; sourceTree = "<group>"; };
		2C5D0194268E20EC00CC6DD4 /* NickNameViewController.swift */ = {isa = PBXFileReference; lastKnownFileType = sourcecode.swift; path = NickNameViewController.swift; sourceTree = "<group>"; };
		2C5D019E268E39ED00CC6DD4 /* NoticeViewController.swift */ = {isa = PBXFileReference; lastKnownFileType = sourcecode.swift; path = NoticeViewController.swift; sourceTree = "<group>"; };
		2C5D01A0268E3ECA00CC6DD4 /* MainTabBarController.swift */ = {isa = PBXFileReference; lastKnownFileType = sourcecode.swift; path = MainTabBarController.swift; sourceTree = "<group>"; };
		2C5D01A9268E4B7F00CC6DD4 /* Login.storyboard */ = {isa = PBXFileReference; lastKnownFileType = file.storyboard; path = Login.storyboard; sourceTree = "<group>"; };
		2C5E998F2690E8A500E3504A /* CalendarViewController.swift */ = {isa = PBXFileReference; lastKnownFileType = sourcecode.swift; path = CalendarViewController.swift; sourceTree = "<group>"; };
		2CFDA9AE269DE9F800612EDB /* SearchButtonTableViewCell.swift */ = {isa = PBXFileReference; lastKnownFileType = sourcecode.swift; path = SearchButtonTableViewCell.swift; sourceTree = "<group>"; };
		2CFDA9AF269DE9F800612EDB /* SearchButtonTableViewCell.xib */ = {isa = PBXFileReference; lastKnownFileType = file.xib; path = SearchButtonTableViewCell.xib; sourceTree = "<group>"; };
		2CFDA9B2269DEA1400612EDB /* CategoryButtonTableViewCell.swift */ = {isa = PBXFileReference; lastKnownFileType = sourcecode.swift; path = CategoryButtonTableViewCell.swift; sourceTree = "<group>"; };
		2CFDA9B3269DEA1400612EDB /* CategoryButtonTableViewCell.xib */ = {isa = PBXFileReference; lastKnownFileType = file.xib; path = CategoryButtonTableViewCell.xib; sourceTree = "<group>"; };
		2CFDA9B6269DEA3100612EDB /* RecentPostViewTableViewCell.swift */ = {isa = PBXFileReference; lastKnownFileType = sourcecode.swift; path = RecentPostViewTableViewCell.swift; sourceTree = "<group>"; };
		2CFDA9B7269DEA3100612EDB /* RecentPostViewTableViewCell.xib */ = {isa = PBXFileReference; lastKnownFileType = file.xib; path = RecentPostViewTableViewCell.xib; sourceTree = "<group>"; };
		2CFDA9BA269DEA4100612EDB /* NowTimeMenuTableViewCell.swift */ = {isa = PBXFileReference; lastKnownFileType = sourcecode.swift; path = NowTimeMenuTableViewCell.swift; sourceTree = "<group>"; };
		2CFDA9BB269DEA4100612EDB /* NowTimeMenuTableViewCell.xib */ = {isa = PBXFileReference; lastKnownFileType = file.xib; path = NowTimeMenuTableViewCell.xib; sourceTree = "<group>"; };
		2CFDA9BE269DEFD300612EDB /* MainBaseViewController.swift */ = {isa = PBXFileReference; lastKnownFileType = sourcecode.swift; path = MainBaseViewController.swift; sourceTree = "<group>"; };
		2CFDA9C0269DF42600612EDB /* RecentPostContentsTableViewCell.swift */ = {isa = PBXFileReference; lastKnownFileType = sourcecode.swift; path = RecentPostContentsTableViewCell.swift; sourceTree = "<group>"; };
		2CFDA9C1269DF42600612EDB /* RecentPostContentsTableViewCell.xib */ = {isa = PBXFileReference; lastKnownFileType = file.xib; path = RecentPostContentsTableViewCell.xib; sourceTree = "<group>"; };
		2CFDA9C4269E0DE000612EDB /* SearchViewController.swift */ = {isa = PBXFileReference; lastKnownFileType = sourcecode.swift; path = SearchViewController.swift; sourceTree = "<group>"; };
		2CFDA9C6269E0DEC00612EDB /* SettingViewController.swift */ = {isa = PBXFileReference; lastKnownFileType = sourcecode.swift; path = SettingViewController.swift; sourceTree = "<group>"; };
		2CFDA9C8269E0DF800612EDB /* WriteViewController.swift */ = {isa = PBXFileReference; lastKnownFileType = sourcecode.swift; path = WriteViewController.swift; sourceTree = "<group>"; };
		2CFDA9CA269E0E0800612EDB /* CategoryViewController.swift */ = {isa = PBXFileReference; lastKnownFileType = sourcecode.swift; path = CategoryViewController.swift; sourceTree = "<group>"; };
		2CFDA9CC269E0E1200612EDB /* ShowMoreViewController.swift */ = {isa = PBXFileReference; lastKnownFileType = sourcecode.swift; path = ShowMoreViewController.swift; sourceTree = "<group>"; };
		2CFDA9CE269E15DA00612EDB /* DelevaryViewController.swift */ = {isa = PBXFileReference; lastKnownFileType = sourcecode.swift; path = DelevaryViewController.swift; sourceTree = "<group>"; };
		2CFDA9D0269E15E300612EDB /* PostViewController.swift */ = {isa = PBXFileReference; lastKnownFileType = sourcecode.swift; path = PostViewController.swift; sourceTree = "<group>"; };
		2CFDA9D2269E15EA00612EDB /* TaxiViewController.swift */ = {isa = PBXFileReference; lastKnownFileType = sourcecode.swift; path = TaxiViewController.swift; sourceTree = "<group>"; };
		2CFDA9D4269E15F600612EDB /* LaundaryViewController.swift */ = {isa = PBXFileReference; lastKnownFileType = sourcecode.swift; path = LaundaryViewController.swift; sourceTree = "<group>"; };
		6B516DB41B53FEC91F198ADC /* Pods-TeamSB.debug.xcconfig */ = {isa = PBXFileReference; includeInIndex = 1; lastKnownFileType = text.xcconfig; name = "Pods-TeamSB.debug.xcconfig"; path = "Target Support Files/Pods-TeamSB/Pods-TeamSB.debug.xcconfig"; sourceTree = "<group>"; };
		7ECE9431B7DFD774352D584E /* Pods-TeamSB.release.xcconfig */ = {isa = PBXFileReference; includeInIndex = 1; lastKnownFileType = text.xcconfig; name = "Pods-TeamSB.release.xcconfig"; path = "Target Support Files/Pods-TeamSB/Pods-TeamSB.release.xcconfig"; sourceTree = "<group>"; };
		96815A5CEC0BB20119CD98C4 /* Pods_TeamSB.framework */ = {isa = PBXFileReference; explicitFileType = wrapper.framework; includeInIndex = 0; path = Pods_TeamSB.framework; sourceTree = BUILT_PRODUCTS_DIR; };
/* End PBXFileReference section */

/* Begin PBXFrameworksBuildPhase section */
		2C298730268B5D5D005EEA64 /* Frameworks */ = {
			isa = PBXFrameworksBuildPhase;
			buildActionMask = 2147483647;
			files = (
				CD77454F7846BED1AC167251 /* Pods_TeamSB.framework in Frameworks */,
			);
			runOnlyForDeploymentPostprocessing = 0;
		};
/* End PBXFrameworksBuildPhase section */

/* Begin PBXGroup section */
		1A7BCCE39600D469666E716B /* Pods */ = {
			isa = PBXGroup;
			children = (
				6B516DB41B53FEC91F198ADC /* Pods-TeamSB.debug.xcconfig */,
				7ECE9431B7DFD774352D584E /* Pods-TeamSB.release.xcconfig */,
			);
			path = Pods;
			sourceTree = "<group>";
		};
		2C29872A268B5D5D005EEA64 = {
			isa = PBXGroup;
			children = (
				2C298735268B5D5D005EEA64 /* TeamSB */,
				2C298734268B5D5D005EEA64 /* Products */,
				1A7BCCE39600D469666E716B /* Pods */,
				EEA48EEF8F2BEE156A10024F /* Frameworks */,
			);
			sourceTree = "<group>";
		};
		2C298734268B5D5D005EEA64 /* Products */ = {
			isa = PBXGroup;
			children = (
				2C298733268B5D5D005EEA64 /* TeamSB.app */,
			);
			name = Products;
			sourceTree = "<group>";
		};
		2C298735268B5D5D005EEA64 /* TeamSB */ = {
			isa = PBXGroup;
			children = (
				2C2C4133269A2F8300DB54B5 /* BaseDelegate */,
				2C2C412E269A2E7100DB54B5 /* API */,
				2C5D018F268E208000CC6DD4 /* Model */,
				2C5D0190268E209300CC6DD4 /* View */,
				2C5D0191268E209B00CC6DD4 /* Controller */,
				2C29873F268B5D5E005EEA64 /* Assets.xcassets */,
				2C5D018C268DF80900CC6DD4 /* AppColor */,
				2C298741268B5D5E005EEA64 /* LaunchScreen.storyboard */,
				2C298744268B5D5E005EEA64 /* Info.plist */,
			);
			path = TeamSB;
			sourceTree = "<group>";
		};
		2C2C412E269A2E7100DB54B5 /* API */ = {
			isa = PBXGroup;
			children = (
				2C2C413C269A332700DB54B5 /* API_Model */,
				2C2C412F269A2F4000DB54B5 /* Data */,
				2C2C4130269A2F4F00DB54B5 /* UseCase */,
				2C2C4131269A2F5D00DB54B5 /* Service */,
				2C2C4136269A2FE200DB54B5 /* URLConsts.swift */,
				2C2C4141269A345000DB54B5 /* BaseAlamofire.swift */,
				2C2C4143269A493B00DB54B5 /* BaseHTTPClient.swift */,
			);
			path = API;
			sourceTree = "<group>";
		};
		2C2C412F269A2F4000DB54B5 /* Data */ = {
			isa = PBXGroup;
			children = (
			);
			path = Data;
			sourceTree = "<group>";
		};
		2C2C4130269A2F4F00DB54B5 /* UseCase */ = {
			isa = PBXGroup;
			children = (
			);
			path = UseCase;
			sourceTree = "<group>";
		};
		2C2C4131269A2F5D00DB54B5 /* Service */ = {
			isa = PBXGroup;
			children = (
				2C2C413A269A31B800DB54B5 /* UserService.swift */,
			);
			path = Service;
			sourceTree = "<group>";
		};
		2C2C4133269A2F8300DB54B5 /* BaseDelegate */ = {
			isa = PBXGroup;
			children = (
				2C298736268B5D5D005EEA64 /* AppDelegate.swift */,
				2C298738268B5D5D005EEA64 /* SceneDelegate.swift */,
			);
			path = BaseDelegate;
			sourceTree = "<group>";
		};
		2C2C413C269A332700DB54B5 /* API_Model */ = {
			isa = PBXGroup;
			children = (
				2C2C413D269A333600DB54B5 /* LoginRequest.swift */,
				2C2C413F269A333E00DB54B5 /* LoginResponse.swift */,
			);
			path = API_Model;
			sourceTree = "<group>";
		};
		2C5D018C268DF80900CC6DD4 /* AppColor */ = {
			isa = PBXGroup;
			children = (
				2C5D018D268DF81D00CC6DD4 /* SBColor.swift */,
			);
			path = AppColor;
			sourceTree = "<group>";
		};
		2C5D018F268E208000CC6DD4 /* Model */ = {
			isa = PBXGroup;
			children = (
			);
			path = Model;
			sourceTree = "<group>";
		};
		2C5D0190268E209300CC6DD4 /* View */ = {
			isa = PBXGroup;
			children = (
				2CFDA9AD269DE9DB00612EDB /* MainHome */,
				2C5D01A9268E4B7F00CC6DD4 /* Login.storyboard */,
				2C29873C268B5D5D005EEA64 /* Home.storyboard */,
			);
			path = View;
			sourceTree = "<group>";
		};
		2C5D0191268E209B00CC6DD4 /* Controller */ = {
			isa = PBXGroup;
			children = (
				2C5E99882690E74300E3504A /* Login */,
				2C5E99892690E76500E3504A /* Main */,
			);
			path = Controller;
			sourceTree = "<group>";
		};
		2C5E99882690E74300E3504A /* Login */ = {
			isa = PBXGroup;
			children = (
				2C5D0192268E20E000CC6DD4 /* LoginViewController.swift */,
				2C5D0194268E20EC00CC6DD4 /* NickNameViewController.swift */,
			);
			path = Login;
			sourceTree = "<group>";
		};
		2C5E99892690E76500E3504A /* Main */ = {
			isa = PBXGroup;
			children = (
				2C5D01A0268E3ECA00CC6DD4 /* MainTabBarController.swift */,
				2C5E998B2690E86D00E3504A /* Calendar */,
				2C5E998A2690E77700E3504A /* Home */,
				2C5E998C2690E88100E3504A /* Notice */,
				2CFDA9C4269E0DE000612EDB /* SearchViewController.swift */,
				2CFDA9C6269E0DEC00612EDB /* SettingViewController.swift */,
				2CFDA9C8269E0DF800612EDB /* WriteViewController.swift */,
				2CFDA9CA269E0E0800612EDB /* CategoryViewController.swift */,
				2CFDA9CC269E0E1200612EDB /* ShowMoreViewController.swift */,
				2CFDA9CE269E15DA00612EDB /* DelevaryViewController.swift */,
				2CFDA9D0269E15E300612EDB /* PostViewController.swift */,
				2CFDA9D2269E15EA00612EDB /* TaxiViewController.swift */,
				2CFDA9D4269E15F600612EDB /* LaundaryViewController.swift */,
			);
			path = Main;
			sourceTree = "<group>";
		};
		2C5E998A2690E77700E3504A /* Home */ = {
			isa = PBXGroup;
			children = (
				2CFDA9BE269DEFD300612EDB /* MainBaseViewController.swift */,
			);
			path = Home;
			sourceTree = "<group>";
		};
		2C5E998B2690E86D00E3504A /* Calendar */ = {
			isa = PBXGroup;
			children = (
				2C5E998F2690E8A500E3504A /* CalendarViewController.swift */,
			);
			path = Calendar;
			sourceTree = "<group>";
		};
		2C5E998C2690E88100E3504A /* Notice */ = {
			isa = PBXGroup;
			children = (
				2C5D019E268E39ED00CC6DD4 /* NoticeViewController.swift */,
			);
			path = Notice;
			sourceTree = "<group>";
		};
		2CFDA9AD269DE9DB00612EDB /* MainHome */ = {
			isa = PBXGroup;
			children = (
				2CFDA9AE269DE9F800612EDB /* SearchButtonTableViewCell.swift */,
				2CFDA9AF269DE9F800612EDB /* SearchButtonTableViewCell.xib */,
				2CFDA9B2269DEA1400612EDB /* CategoryButtonTableViewCell.swift */,
				2CFDA9B3269DEA1400612EDB /* CategoryButtonTableViewCell.xib */,
				2CFDA9B6269DEA3100612EDB /* RecentPostViewTableViewCell.swift */,
				2CFDA9B7269DEA3100612EDB /* RecentPostViewTableViewCell.xib */,
				2CFDA9BA269DEA4100612EDB /* NowTimeMenuTableViewCell.swift */,
				2CFDA9BB269DEA4100612EDB /* NowTimeMenuTableViewCell.xib */,
				2CFDA9C0269DF42600612EDB /* RecentPostContentsTableViewCell.swift */,
				2CFDA9C1269DF42600612EDB /* RecentPostContentsTableViewCell.xib */,
			);
			path = MainHome;
			sourceTree = "<group>";
		};
		EEA48EEF8F2BEE156A10024F /* Frameworks */ = {
			isa = PBXGroup;
			children = (
				96815A5CEC0BB20119CD98C4 /* Pods_TeamSB.framework */,
			);
			name = Frameworks;
			sourceTree = "<group>";
		};
/* End PBXGroup section */

/* Begin PBXNativeTarget section */
		2C298732268B5D5D005EEA64 /* TeamSB */ = {
			isa = PBXNativeTarget;
			buildConfigurationList = 2C298747268B5D5E005EEA64 /* Build configuration list for PBXNativeTarget "TeamSB" */;
			buildPhases = (
				AD3AF59A3A88B3A60070F3E3 /* [CP] Check Pods Manifest.lock */,
				2C29872F268B5D5D005EEA64 /* Sources */,
				2C298730268B5D5D005EEA64 /* Frameworks */,
				2C298731268B5D5D005EEA64 /* Resources */,
				77D6242A32D01F2BFF979C33 /* [CP] Embed Pods Frameworks */,
			);
			buildRules = (
			);
			dependencies = (
			);
			name = TeamSB;
			productName = TeamSB;
			productReference = 2C298733268B5D5D005EEA64 /* TeamSB.app */;
			productType = "com.apple.product-type.application";
		};
/* End PBXNativeTarget section */

/* Begin PBXProject section */
		2C29872B268B5D5D005EEA64 /* Project object */ = {
			isa = PBXProject;
			attributes = {
				LastSwiftUpdateCheck = 1250;
				LastUpgradeCheck = 1250;
				TargetAttributes = {
					2C298732268B5D5D005EEA64 = {
						CreatedOnToolsVersion = 12.5.1;
					};
				};
			};
			buildConfigurationList = 2C29872E268B5D5D005EEA64 /* Build configuration list for PBXProject "TeamSB" */;
			compatibilityVersion = "Xcode 9.3";
			developmentRegion = en;
			hasScannedForEncodings = 0;
			knownRegions = (
				en,
				Base,
			);
			mainGroup = 2C29872A268B5D5D005EEA64;
			productRefGroup = 2C298734268B5D5D005EEA64 /* Products */;
			projectDirPath = "";
			projectRoot = "";
			targets = (
				2C298732268B5D5D005EEA64 /* TeamSB */,
			);
		};
/* End PBXProject section */

/* Begin PBXResourcesBuildPhase section */
		2C298731268B5D5D005EEA64 /* Resources */ = {
			isa = PBXResourcesBuildPhase;
			buildActionMask = 2147483647;
			files = (
				2C5D01AA268E4B7F00CC6DD4 /* Login.storyboard in Resources */,
				2CFDA9BD269DEA4100612EDB /* NowTimeMenuTableViewCell.xib in Resources */,
				2CFDA9B9269DEA3100612EDB /* RecentPostViewTableViewCell.xib in Resources */,
				2C298743268B5D5E005EEA64 /* LaunchScreen.storyboard in Resources */,
				2CFDA9B1269DE9F800612EDB /* SearchButtonTableViewCell.xib in Resources */,
				2C298740268B5D5E005EEA64 /* Assets.xcassets in Resources */,
				2C29873E268B5D5D005EEA64 /* Home.storyboard in Resources */,
				2CFDA9C3269DF42600612EDB /* RecentPostContentsTableViewCell.xib in Resources */,
				2CFDA9B5269DEA1400612EDB /* CategoryButtonTableViewCell.xib in Resources */,
			);
			runOnlyForDeploymentPostprocessing = 0;
		};
/* End PBXResourcesBuildPhase section */

/* Begin PBXShellScriptBuildPhase section */
		77D6242A32D01F2BFF979C33 /* [CP] Embed Pods Frameworks */ = {
			isa = PBXShellScriptBuildPhase;
			buildActionMask = 2147483647;
			files = (
			);
			inputFileListPaths = (
				"${PODS_ROOT}/Target Support Files/Pods-TeamSB/Pods-TeamSB-frameworks-${CONFIGURATION}-input-files.xcfilelist",
			);
			name = "[CP] Embed Pods Frameworks";
			outputFileListPaths = (
				"${PODS_ROOT}/Target Support Files/Pods-TeamSB/Pods-TeamSB-frameworks-${CONFIGURATION}-output-files.xcfilelist",
			);
			runOnlyForDeploymentPostprocessing = 0;
			shellPath = /bin/sh;
			shellScript = "\"${PODS_ROOT}/Target Support Files/Pods-TeamSB/Pods-TeamSB-frameworks.sh\"\n";
			showEnvVarsInLog = 0;
		};
		AD3AF59A3A88B3A60070F3E3 /* [CP] Check Pods Manifest.lock */ = {
			isa = PBXShellScriptBuildPhase;
			buildActionMask = 2147483647;
			files = (
			);
			inputFileListPaths = (
			);
			inputPaths = (
				"${PODS_PODFILE_DIR_PATH}/Podfile.lock",
				"${PODS_ROOT}/Manifest.lock",
			);
			name = "[CP] Check Pods Manifest.lock";
			outputFileListPaths = (
			);
			outputPaths = (
				"$(DERIVED_FILE_DIR)/Pods-TeamSB-checkManifestLockResult.txt",
			);
			runOnlyForDeploymentPostprocessing = 0;
			shellPath = /bin/sh;
			shellScript = "diff \"${PODS_PODFILE_DIR_PATH}/Podfile.lock\" \"${PODS_ROOT}/Manifest.lock\" > /dev/null\nif [ $? != 0 ] ; then\n    # print error to STDERR\n    echo \"error: The sandbox is not in sync with the Podfile.lock. Run 'pod install' or update your CocoaPods installation.\" >&2\n    exit 1\nfi\n# This output is used by Xcode 'outputs' to avoid re-running this script phase.\necho \"SUCCESS\" > \"${SCRIPT_OUTPUT_FILE_0}\"\n";
			showEnvVarsInLog = 0;
		};
/* End PBXShellScriptBuildPhase section */

/* Begin PBXSourcesBuildPhase section */
		2C29872F268B5D5D005EEA64 /* Sources */ = {
			isa = PBXSourcesBuildPhase;
			buildActionMask = 2147483647;
			files = (
				2CFDA9C9269E0DF800612EDB /* WriteViewController.swift in Sources */,
				2CFDA9C2269DF42600612EDB /* RecentPostContentsTableViewCell.swift in Sources */,
				2C5E99902690E8A500E3504A /* CalendarViewController.swift in Sources */,
				2C5D01A1268E3ECA00CC6DD4 /* MainTabBarController.swift in Sources */,
				2CFDA9C7269E0DEC00612EDB /* SettingViewController.swift in Sources */,
				2C5D0195268E20EC00CC6DD4 /* NickNameViewController.swift in Sources */,
				2CFDA9BF269DEFD300612EDB /* MainBaseViewController.swift in Sources */,
				2C2C413E269A333600DB54B5 /* LoginRequest.swift in Sources */,
				2CFDA9D3269E15EA00612EDB /* TaxiViewController.swift in Sources */,
				2C5D0193268E20E000CC6DD4 /* LoginViewController.swift in Sources */,
				2CFDA9B8269DEA3100612EDB /* RecentPostViewTableViewCell.swift in Sources */,
				2CFDA9D5269E15F600612EDB /* LaundaryViewController.swift in Sources */,
				2CFDA9CF269E15DA00612EDB /* DelevaryViewController.swift in Sources */,
				2C2C4144269A493B00DB54B5 /* BaseHTTPClient.swift in Sources */,
				2C2C4140269A333E00DB54B5 /* LoginResponse.swift in Sources */,
				2C2C4142269A345000DB54B5 /* BaseAlamofire.swift in Sources */,
				2CFDA9D1269E15E300612EDB /* PostViewController.swift in Sources */,
				2C5D018E268DF81D00CC6DD4 /* SBColor.swift in Sources */,
				2CFDA9BC269DEA4100612EDB /* NowTimeMenuTableViewCell.swift in Sources */,
				2CFDA9CB269E0E0800612EDB /* CategoryViewController.swift in Sources */,
				2CFDA9B0269DE9F800612EDB /* SearchButtonTableViewCell.swift in Sources */,
				2CFDA9C5269E0DE000612EDB /* SearchViewController.swift in Sources */,
				2CFDA9B4269DEA1400612EDB /* CategoryButtonTableViewCell.swift in Sources */,
				2C298737268B5D5D005EEA64 /* AppDelegate.swift in Sources */,
				2CFDA9CD269E0E1200612EDB /* ShowMoreViewController.swift in Sources */,
				2C2C4137269A2FE200DB54B5 /* URLConsts.swift in Sources */,
				2C5D019F268E39ED00CC6DD4 /* NoticeViewController.swift in Sources */,
				2C298739268B5D5D005EEA64 /* SceneDelegate.swift in Sources */,
				2C2C413B269A31B800DB54B5 /* UserService.swift in Sources */,
			);
			runOnlyForDeploymentPostprocessing = 0;
		};
/* End PBXSourcesBuildPhase section */

/* Begin PBXVariantGroup section */
		2C29873C268B5D5D005EEA64 /* Home.storyboard */ = {
			isa = PBXVariantGroup;
			children = (
				2C29873D268B5D5D005EEA64 /* Base */,
			);
			name = Home.storyboard;
			sourceTree = "<group>";
		};
		2C298741268B5D5E005EEA64 /* LaunchScreen.storyboard */ = {
			isa = PBXVariantGroup;
			children = (
				2C298742268B5D5E005EEA64 /* Base */,
			);
			name = LaunchScreen.storyboard;
			sourceTree = "<group>";
		};
/* End PBXVariantGroup section */

/* Begin XCBuildConfiguration section */
		2C298745268B5D5E005EEA64 /* Debug */ = {
			isa = XCBuildConfiguration;
			buildSettings = {
				ALWAYS_SEARCH_USER_PATHS = NO;
				CLANG_ANALYZER_NONNULL = YES;
				CLANG_ANALYZER_NUMBER_OBJECT_CONVERSION = YES_AGGRESSIVE;
				CLANG_CXX_LANGUAGE_STANDARD = "gnu++14";
				CLANG_CXX_LIBRARY = "libc++";
				CLANG_ENABLE_MODULES = YES;
				CLANG_ENABLE_OBJC_ARC = YES;
				CLANG_ENABLE_OBJC_WEAK = YES;
				CLANG_WARN_BLOCK_CAPTURE_AUTORELEASING = YES;
				CLANG_WARN_BOOL_CONVERSION = YES;
				CLANG_WARN_COMMA = YES;
				CLANG_WARN_CONSTANT_CONVERSION = YES;
				CLANG_WARN_DEPRECATED_OBJC_IMPLEMENTATIONS = YES;
				CLANG_WARN_DIRECT_OBJC_ISA_USAGE = YES_ERROR;
				CLANG_WARN_DOCUMENTATION_COMMENTS = YES;
				CLANG_WARN_EMPTY_BODY = YES;
				CLANG_WARN_ENUM_CONVERSION = YES;
				CLANG_WARN_INFINITE_RECURSION = YES;
				CLANG_WARN_INT_CONVERSION = YES;
				CLANG_WARN_NON_LITERAL_NULL_CONVERSION = YES;
				CLANG_WARN_OBJC_IMPLICIT_RETAIN_SELF = YES;
				CLANG_WARN_OBJC_LITERAL_CONVERSION = YES;
				CLANG_WARN_OBJC_ROOT_CLASS = YES_ERROR;
				CLANG_WARN_QUOTED_INCLUDE_IN_FRAMEWORK_HEADER = YES;
				CLANG_WARN_RANGE_LOOP_ANALYSIS = YES;
				CLANG_WARN_STRICT_PROTOTYPES = YES;
				CLANG_WARN_SUSPICIOUS_MOVE = YES;
				CLANG_WARN_UNGUARDED_AVAILABILITY = YES_AGGRESSIVE;
				CLANG_WARN_UNREACHABLE_CODE = YES;
				CLANG_WARN__DUPLICATE_METHOD_MATCH = YES;
				COPY_PHASE_STRIP = NO;
				DEBUG_INFORMATION_FORMAT = dwarf;
				ENABLE_STRICT_OBJC_MSGSEND = YES;
				ENABLE_TESTABILITY = YES;
				GCC_C_LANGUAGE_STANDARD = gnu11;
				GCC_DYNAMIC_NO_PIC = NO;
				GCC_NO_COMMON_BLOCKS = YES;
				GCC_OPTIMIZATION_LEVEL = 0;
				GCC_PREPROCESSOR_DEFINITIONS = (
					"DEBUG=1",
					"$(inherited)",
				);
				GCC_WARN_64_TO_32_BIT_CONVERSION = YES;
				GCC_WARN_ABOUT_RETURN_TYPE = YES_ERROR;
				GCC_WARN_UNDECLARED_SELECTOR = YES;
				GCC_WARN_UNINITIALIZED_AUTOS = YES_AGGRESSIVE;
				GCC_WARN_UNUSED_FUNCTION = YES;
				GCC_WARN_UNUSED_VARIABLE = YES;
				IPHONEOS_DEPLOYMENT_TARGET = 14.5;
				MTL_ENABLE_DEBUG_INFO = INCLUDE_SOURCE;
				MTL_FAST_MATH = YES;
				ONLY_ACTIVE_ARCH = YES;
				SDKROOT = iphoneos;
				SWIFT_ACTIVE_COMPILATION_CONDITIONS = DEBUG;
				SWIFT_OPTIMIZATION_LEVEL = "-Onone";
			};
			name = Debug;
		};
		2C298746268B5D5E005EEA64 /* Release */ = {
			isa = XCBuildConfiguration;
			buildSettings = {
				ALWAYS_SEARCH_USER_PATHS = NO;
				CLANG_ANALYZER_NONNULL = YES;
				CLANG_ANALYZER_NUMBER_OBJECT_CONVERSION = YES_AGGRESSIVE;
				CLANG_CXX_LANGUAGE_STANDARD = "gnu++14";
				CLANG_CXX_LIBRARY = "libc++";
				CLANG_ENABLE_MODULES = YES;
				CLANG_ENABLE_OBJC_ARC = YES;
				CLANG_ENABLE_OBJC_WEAK = YES;
				CLANG_WARN_BLOCK_CAPTURE_AUTORELEASING = YES;
				CLANG_WARN_BOOL_CONVERSION = YES;
				CLANG_WARN_COMMA = YES;
				CLANG_WARN_CONSTANT_CONVERSION = YES;
				CLANG_WARN_DEPRECATED_OBJC_IMPLEMENTATIONS = YES;
				CLANG_WARN_DIRECT_OBJC_ISA_USAGE = YES_ERROR;
				CLANG_WARN_DOCUMENTATION_COMMENTS = YES;
				CLANG_WARN_EMPTY_BODY = YES;
				CLANG_WARN_ENUM_CONVERSION = YES;
				CLANG_WARN_INFINITE_RECURSION = YES;
				CLANG_WARN_INT_CONVERSION = YES;
				CLANG_WARN_NON_LITERAL_NULL_CONVERSION = YES;
				CLANG_WARN_OBJC_IMPLICIT_RETAIN_SELF = YES;
				CLANG_WARN_OBJC_LITERAL_CONVERSION = YES;
				CLANG_WARN_OBJC_ROOT_CLASS = YES_ERROR;
				CLANG_WARN_QUOTED_INCLUDE_IN_FRAMEWORK_HEADER = YES;
				CLANG_WARN_RANGE_LOOP_ANALYSIS = YES;
				CLANG_WARN_STRICT_PROTOTYPES = YES;
				CLANG_WARN_SUSPICIOUS_MOVE = YES;
				CLANG_WARN_UNGUARDED_AVAILABILITY = YES_AGGRESSIVE;
				CLANG_WARN_UNREACHABLE_CODE = YES;
				CLANG_WARN__DUPLICATE_METHOD_MATCH = YES;
				COPY_PHASE_STRIP = NO;
				DEBUG_INFORMATION_FORMAT = "dwarf-with-dsym";
				ENABLE_NS_ASSERTIONS = NO;
				ENABLE_STRICT_OBJC_MSGSEND = YES;
				GCC_C_LANGUAGE_STANDARD = gnu11;
				GCC_NO_COMMON_BLOCKS = YES;
				GCC_WARN_64_TO_32_BIT_CONVERSION = YES;
				GCC_WARN_ABOUT_RETURN_TYPE = YES_ERROR;
				GCC_WARN_UNDECLARED_SELECTOR = YES;
				GCC_WARN_UNINITIALIZED_AUTOS = YES_AGGRESSIVE;
				GCC_WARN_UNUSED_FUNCTION = YES;
				GCC_WARN_UNUSED_VARIABLE = YES;
				IPHONEOS_DEPLOYMENT_TARGET = 14.5;
				MTL_ENABLE_DEBUG_INFO = NO;
				MTL_FAST_MATH = YES;
				SDKROOT = iphoneos;
				SWIFT_COMPILATION_MODE = wholemodule;
				SWIFT_OPTIMIZATION_LEVEL = "-O";
				VALIDATE_PRODUCT = YES;
			};
			name = Release;
		};
		2C298748268B5D5E005EEA64 /* Debug */ = {
			isa = XCBuildConfiguration;
			baseConfigurationReference = 6B516DB41B53FEC91F198ADC /* Pods-TeamSB.debug.xcconfig */;
			buildSettings = {
				ASSETCATALOG_COMPILER_APPICON_NAME = AppIcon;
				ASSETCATALOG_COMPILER_GLOBAL_ACCENT_COLOR_NAME = AccentColor;
				CODE_SIGN_STYLE = Automatic;
				DEVELOPMENT_TEAM = VKGAQDGK5R;
				INFOPLIST_FILE = TeamSB/Info.plist;
				LD_RUNPATH_SEARCH_PATHS = (
					"$(inherited)",
					"@executable_path/Frameworks",
				);
				PRODUCT_BUNDLE_IDENTIFIER = com.boni.TeamSB;
				PRODUCT_NAME = "$(TARGET_NAME)";
				SWIFT_VERSION = 5.0;
				TARGETED_DEVICE_FAMILY = "1,2";
			};
			name = Debug;
		};
		2C298749268B5D5E005EEA64 /* Release */ = {
			isa = XCBuildConfiguration;
			baseConfigurationReference = 7ECE9431B7DFD774352D584E /* Pods-TeamSB.release.xcconfig */;
			buildSettings = {
				ASSETCATALOG_COMPILER_APPICON_NAME = AppIcon;
				ASSETCATALOG_COMPILER_GLOBAL_ACCENT_COLOR_NAME = AccentColor;
				CODE_SIGN_STYLE = Automatic;
				DEVELOPMENT_TEAM = VKGAQDGK5R;
				INFOPLIST_FILE = TeamSB/Info.plist;
				LD_RUNPATH_SEARCH_PATHS = (
					"$(inherited)",
					"@executable_path/Frameworks",
				);
				PRODUCT_BUNDLE_IDENTIFIER = com.boni.TeamSB;
				PRODUCT_NAME = "$(TARGET_NAME)";
				SWIFT_VERSION = 5.0;
				TARGETED_DEVICE_FAMILY = "1,2";
			};
			name = Release;
		};
/* End XCBuildConfiguration section */

/* Begin XCConfigurationList section */
		2C29872E268B5D5D005EEA64 /* Build configuration list for PBXProject "TeamSB" */ = {
			isa = XCConfigurationList;
			buildConfigurations = (
				2C298745268B5D5E005EEA64 /* Debug */,
				2C298746268B5D5E005EEA64 /* Release */,
			);
			defaultConfigurationIsVisible = 0;
			defaultConfigurationName = Release;
		};
		2C298747268B5D5E005EEA64 /* Build configuration list for PBXNativeTarget "TeamSB" */ = {
			isa = XCConfigurationList;
			buildConfigurations = (
				2C298748268B5D5E005EEA64 /* Debug */,
				2C298749268B5D5E005EEA64 /* Release */,
			);
			defaultConfigurationIsVisible = 0;
			defaultConfigurationName = Release;
		};
/* End XCConfigurationList section */
	};
	rootObject = 2C29872B268B5D5D005EEA64 /* Project object */;
}
